
Microsoft Visual Studio Solution File, Format Version 12.00
# Visual Studio 14
VisualStudioVersion = 14.0.25123.0
MinimumVisualStudioVersion = 10.0.40219.1
Project("{8BC9CEB8-8B4A-11D0-8D11-00A0C91BC942}") = "HK_OJ_C++问题", "HK_OJ_C++问题\HK_OJ_C++问题.vcxproj", "{14516CC5-9EA2-4A84-B579-FE9B67BFF3B5}"
EndProject
Global
	GlobalSection(SolutionConfigurationPlatforms) = preSolution
		Debug|x64 = Debug|x64
		Debug|x86 = Debug|x86
		Release|x64 = Release|x64
		Release|x86 = Release|x86
	EndGlobalSection
	GlobalSection(ProjectConfigurationPlatforms) = postSolution
		{14516CC5-9EA2-4A84-B579-FE9B67BFF3B5}.Debug|x64.ActiveCfg = Debug|x64
		{14516CC5-9EA2-4A84-B579-FE9B67BFF3B5}.Debug|x64.Build.0 = Debug|x64
		{14516CC5-9EA2-4A84-B579-FE9B67BFF3B5}.Debug|x86.ActiveCfg = Debug|Win32
		{14516CC5-9EA2-4A84-B579-FE9B67BFF3B5}.Debug|x86.Build.0 = Debug|Win32
		{14516CC5-9EA2-4A84-B579-FE9B67BFF3B5}.Release|x64.ActiveCfg = Release|x64
		{14516CC5-9EA2-4A84-B579-FE9B67BFF3B5}.Release|x64.Build.0 = Release|x64
		{14516CC5-9EA2-4A84-B579-FE9B67BFF3B5}.Release|x86.ActiveCfg = Release|Win32
		{14516CC5-9EA2-4A84-B579-FE9B67BFF3B5}.Release|x86.Build.0 = Release|Win32
	EndGlobalSection
	GlobalSection(SolutionProperties) = preSolution
		HideSolutionNode = FALSE
	EndGlobalSection
EndGlobal
