
Microsoft Visual Studio Solution File, Format Version 12.00
# Visual Studio 14
VisualStudioVersion = 14.0.24720.0
MinimumVisualStudioVersion = 10.0.40219.1
Project("{8BC9CEB8-8B4A-11D0-8D11-00A0C91BC942}") = "laep_year", "laep_year\laep_year.vcxproj", "{5879DA1E-B46B-4243-8947-C502E3F67B90}"
EndProject
Global
	GlobalSection(SolutionConfigurationPlatforms) = preSolution
		Debug|x64 = Debug|x64
		Debug|x86 = Debug|x86
		Release|x64 = Release|x64
		Release|x86 = Release|x86
	EndGlobalSection
	GlobalSection(ProjectConfigurationPlatforms) = postSolution
		{5879DA1E-B46B-4243-8947-C502E3F67B90}.Debug|x64.ActiveCfg = Debug|x64
		{5879DA1E-B46B-4243-8947-C502E3F67B90}.Debug|x64.Build.0 = Debug|x64
		{5879DA1E-B46B-4243-8947-C502E3F67B90}.Debug|x86.ActiveCfg = Debug|Win32
		{5879DA1E-B46B-4243-8947-C502E3F67B90}.Debug|x86.Build.0 = Debug|Win32
		{5879DA1E-B46B-4243-8947-C502E3F67B90}.Release|x64.ActiveCfg = Release|x64
		{5879DA1E-B46B-4243-8947-C502E3F67B90}.Release|x64.Build.0 = Release|x64
		{5879DA1E-B46B-4243-8947-C502E3F67B90}.Release|x86.ActiveCfg = Release|Win32
		{5879DA1E-B46B-4243-8947-C502E3F67B90}.Release|x86.Build.0 = Release|Win32
	EndGlobalSection
	GlobalSection(SolutionProperties) = preSolution
		HideSolutionNode = FALSE
	EndGlobalSection
EndGlobal
