
Microsoft Visual Studio Solution File, Format Version 12.00
# Visual Studio 14
VisualStudioVersion = 14.0.24720.0
MinimumVisualStudioVersion = 10.0.40219.1
Project("{8BC9CEB8-8B4A-11D0-8D11-00A0C91BC942}") = "OJ_LX数字整除", "OJ_LX数字整除\OJ_LX数字整除.vcxproj", "{602C9730-14AA-40EB-BAA5-3C6B4C13CA8D}"
EndProject
Global
	GlobalSection(SolutionConfigurationPlatforms) = preSolution
		Debug|x64 = Debug|x64
		Debug|x86 = Debug|x86
		Release|x64 = Release|x64
		Release|x86 = Release|x86
	EndGlobalSection
	GlobalSection(ProjectConfigurationPlatforms) = postSolution
		{602C9730-14AA-40EB-BAA5-3C6B4C13CA8D}.Debug|x64.ActiveCfg = Debug|x64
		{602C9730-14AA-40EB-BAA5-3C6B4C13CA8D}.Debug|x64.Build.0 = Debug|x64
		{602C9730-14AA-40EB-BAA5-3C6B4C13CA8D}.Debug|x86.ActiveCfg = Debug|Win32
		{602C9730-14AA-40EB-BAA5-3C6B4C13CA8D}.Debug|x86.Build.0 = Debug|Win32
		{602C9730-14AA-40EB-BAA5-3C6B4C13CA8D}.Release|x64.ActiveCfg = Release|x64
		{602C9730-14AA-40EB-BAA5-3C6B4C13CA8D}.Release|x64.Build.0 = Release|x64
		{602C9730-14AA-40EB-BAA5-3C6B4C13CA8D}.Release|x86.ActiveCfg = Release|Win32
		{602C9730-14AA-40EB-BAA5-3C6B4C13CA8D}.Release|x86.Build.0 = Release|Win32
	EndGlobalSection
	GlobalSection(SolutionProperties) = preSolution
		HideSolutionNode = FALSE
	EndGlobalSection
EndGlobal
