
Microsoft Visual Studio Solution File, Format Version 12.00
# Visual Studio 14
VisualStudioVersion = 14.0.24720.0
MinimumVisualStudioVersion = 10.0.40219.1
Project("{8BC9CEB8-8B4A-11D0-8D11-00A0C91BC942}") = "OJ_LXC语言程序设计教程（第三版）课后习题6.3", "OJ_LXC语言程序设计教程（第三版）课后习题6.3\OJ_LXC语言程序设计教程（第三版）课后习题6.3.vcxproj", "{A4053F6D-9272-4EAD-A90E-881C7D7D4F2F}"
EndProject
Global
	GlobalSection(SolutionConfigurationPlatforms) = preSolution
		Debug|x64 = Debug|x64
		Debug|x86 = Debug|x86
		Release|x64 = Release|x64
		Release|x86 = Release|x86
	EndGlobalSection
	GlobalSection(ProjectConfigurationPlatforms) = postSolution
		{A4053F6D-9272-4EAD-A90E-881C7D7D4F2F}.Debug|x64.ActiveCfg = Debug|x64
		{A4053F6D-9272-4EAD-A90E-881C7D7D4F2F}.Debug|x64.Build.0 = Debug|x64
		{A4053F6D-9272-4EAD-A90E-881C7D7D4F2F}.Debug|x86.ActiveCfg = Debug|Win32
		{A4053F6D-9272-4EAD-A90E-881C7D7D4F2F}.Debug|x86.Build.0 = Debug|Win32
		{A4053F6D-9272-4EAD-A90E-881C7D7D4F2F}.Release|x64.ActiveCfg = Release|x64
		{A4053F6D-9272-4EAD-A90E-881C7D7D4F2F}.Release|x64.Build.0 = Release|x64
		{A4053F6D-9272-4EAD-A90E-881C7D7D4F2F}.Release|x86.ActiveCfg = Release|Win32
		{A4053F6D-9272-4EAD-A90E-881C7D7D4F2F}.Release|x86.Build.0 = Release|Win32
	EndGlobalSection
	GlobalSection(SolutionProperties) = preSolution
		HideSolutionNode = FALSE
	EndGlobalSection
EndGlobal
