
Microsoft Visual Studio Solution File, Format Version 12.00
# Visual Studio 14
VisualStudioVersion = 14.0.25123.0
MinimumVisualStudioVersion = 10.0.40219.1
Project("{8BC9CEB8-8B4A-11D0-8D11-00A0C91BC942}") = "four_methords_creat_bitree", "four_methords_creat_bitree\four_methords_creat_bitree.vcxproj", "{DD131494-44C9-439C-89F0-61D1BA7A7FA7}"
EndProject
Project("{8BC9CEB8-8B4A-11D0-8D11-00A0C91BC942}") = "二叉树的构造", "二叉树的构造\二叉树的构造.vcxproj", "{895C146D-595C-4C5C-969E-3BF7F6777884}"
EndProject
Project("{8BC9CEB8-8B4A-11D0-8D11-00A0C91BC942}") = "自底向上的赫夫曼编码", "自底向上的赫夫曼编码\自底向上的赫夫曼编码.vcxproj", "{E77AA91F-E7BF-4E6E-AA65-E82C00D64CD9}"
EndProject
Project("{8BC9CEB8-8B4A-11D0-8D11-00A0C91BC942}") = "remove_the_same_elem", "remove_the_same_elem\remove_the_same_elem.vcxproj", "{223AD7CB-FB55-4AB7-BE49-2E38E3163364}"
EndProject
Project("{8BC9CEB8-8B4A-11D0-8D11-00A0C91BC942}") = "Graph_traversal", "Graph_traversal\Graph_traversal.vcxproj", "{0ACFC321-39E7-45D6-84DD-5FA8A7C9323E}"
EndProject
Project("{8BC9CEB8-8B4A-11D0-8D11-00A0C91BC942}") = "杨辉三角", "杨辉三角\杨辉三角.vcxproj", "{574795D3-A091-4EAE-9A52-54020ADE77DF}"
EndProject
Project("{8BC9CEB8-8B4A-11D0-8D11-00A0C91BC942}") = "struct", "struct\struct.vcxproj", "{89E60303-FF97-4E96-8C02-36D9404E0C53}"
EndProject
Global
	GlobalSection(SolutionConfigurationPlatforms) = preSolution
		Debug|x64 = Debug|x64
		Debug|x86 = Debug|x86
		Release|x64 = Release|x64
		Release|x86 = Release|x86
	EndGlobalSection
	GlobalSection(ProjectConfigurationPlatforms) = postSolution
		{DD131494-44C9-439C-89F0-61D1BA7A7FA7}.Debug|x64.ActiveCfg = Debug|x64
		{DD131494-44C9-439C-89F0-61D1BA7A7FA7}.Debug|x64.Build.0 = Debug|x64
		{DD131494-44C9-439C-89F0-61D1BA7A7FA7}.Debug|x86.ActiveCfg = Debug|Win32
		{DD131494-44C9-439C-89F0-61D1BA7A7FA7}.Debug|x86.Build.0 = Debug|Win32
		{DD131494-44C9-439C-89F0-61D1BA7A7FA7}.Release|x64.ActiveCfg = Release|x64
		{DD131494-44C9-439C-89F0-61D1BA7A7FA7}.Release|x64.Build.0 = Release|x64
		{DD131494-44C9-439C-89F0-61D1BA7A7FA7}.Release|x86.ActiveCfg = Release|Win32
		{DD131494-44C9-439C-89F0-61D1BA7A7FA7}.Release|x86.Build.0 = Release|Win32
		{895C146D-595C-4C5C-969E-3BF7F6777884}.Debug|x64.ActiveCfg = Debug|x64
		{895C146D-595C-4C5C-969E-3BF7F6777884}.Debug|x64.Build.0 = Debug|x64
		{895C146D-595C-4C5C-969E-3BF7F6777884}.Debug|x86.ActiveCfg = Debug|Win32
		{895C146D-595C-4C5C-969E-3BF7F6777884}.Debug|x86.Build.0 = Debug|Win32
		{895C146D-595C-4C5C-969E-3BF7F6777884}.Release|x64.ActiveCfg = Release|x64
		{895C146D-595C-4C5C-969E-3BF7F6777884}.Release|x64.Build.0 = Release|x64
		{895C146D-595C-4C5C-969E-3BF7F6777884}.Release|x86.ActiveCfg = Release|Win32
		{895C146D-595C-4C5C-969E-3BF7F6777884}.Release|x86.Build.0 = Release|Win32
		{E77AA91F-E7BF-4E6E-AA65-E82C00D64CD9}.Debug|x64.ActiveCfg = Debug|x64
		{E77AA91F-E7BF-4E6E-AA65-E82C00D64CD9}.Debug|x64.Build.0 = Debug|x64
		{E77AA91F-E7BF-4E6E-AA65-E82C00D64CD9}.Debug|x86.ActiveCfg = Debug|Win32
		{E77AA91F-E7BF-4E6E-AA65-E82C00D64CD9}.Debug|x86.Build.0 = Debug|Win32
		{E77AA91F-E7BF-4E6E-AA65-E82C00D64CD9}.Release|x64.ActiveCfg = Release|x64
		{E77AA91F-E7BF-4E6E-AA65-E82C00D64CD9}.Release|x64.Build.0 = Release|x64
		{E77AA91F-E7BF-4E6E-AA65-E82C00D64CD9}.Release|x86.ActiveCfg = Release|Win32
		{E77AA91F-E7BF-4E6E-AA65-E82C00D64CD9}.Release|x86.Build.0 = Release|Win32
		{223AD7CB-FB55-4AB7-BE49-2E38E3163364}.Debug|x64.ActiveCfg = Debug|x64
		{223AD7CB-FB55-4AB7-BE49-2E38E3163364}.Debug|x64.Build.0 = Debug|x64
		{223AD7CB-FB55-4AB7-BE49-2E38E3163364}.Debug|x86.ActiveCfg = Debug|Win32
		{223AD7CB-FB55-4AB7-BE49-2E38E3163364}.Debug|x86.Build.0 = Debug|Win32
		{223AD7CB-FB55-4AB7-BE49-2E38E3163364}.Release|x64.ActiveCfg = Release|x64
		{223AD7CB-FB55-4AB7-BE49-2E38E3163364}.Release|x64.Build.0 = Release|x64
		{223AD7CB-FB55-4AB7-BE49-2E38E3163364}.Release|x86.ActiveCfg = Release|Win32
		{223AD7CB-FB55-4AB7-BE49-2E38E3163364}.Release|x86.Build.0 = Release|Win32
		{0ACFC321-39E7-45D6-84DD-5FA8A7C9323E}.Debug|x64.ActiveCfg = Debug|x64
		{0ACFC321-39E7-45D6-84DD-5FA8A7C9323E}.Debug|x64.Build.0 = Debug|x64
		{0ACFC321-39E7-45D6-84DD-5FA8A7C9323E}.Debug|x86.ActiveCfg = Debug|Win32
		{0ACFC321-39E7-45D6-84DD-5FA8A7C9323E}.Debug|x86.Build.0 = Debug|Win32
		{0ACFC321-39E7-45D6-84DD-5FA8A7C9323E}.Release|x64.ActiveCfg = Release|x64
		{0ACFC321-39E7-45D6-84DD-5FA8A7C9323E}.Release|x64.Build.0 = Release|x64
		{0ACFC321-39E7-45D6-84DD-5FA8A7C9323E}.Release|x86.ActiveCfg = Release|Win32
		{0ACFC321-39E7-45D6-84DD-5FA8A7C9323E}.Release|x86.Build.0 = Release|Win32
		{574795D3-A091-4EAE-9A52-54020ADE77DF}.Debug|x64.ActiveCfg = Debug|x64
		{574795D3-A091-4EAE-9A52-54020ADE77DF}.Debug|x64.Build.0 = Debug|x64
		{574795D3-A091-4EAE-9A52-54020ADE77DF}.Debug|x86.ActiveCfg = Debug|Win32
		{574795D3-A091-4EAE-9A52-54020ADE77DF}.Debug|x86.Build.0 = Debug|Win32
		{574795D3-A091-4EAE-9A52-54020ADE77DF}.Release|x64.ActiveCfg = Release|x64
		{574795D3-A091-4EAE-9A52-54020ADE77DF}.Release|x64.Build.0 = Release|x64
		{574795D3-A091-4EAE-9A52-54020ADE77DF}.Release|x86.ActiveCfg = Release|Win32
		{574795D3-A091-4EAE-9A52-54020ADE77DF}.Release|x86.Build.0 = Release|Win32
		{89E60303-FF97-4E96-8C02-36D9404E0C53}.Debug|x64.ActiveCfg = Debug|x64
		{89E60303-FF97-4E96-8C02-36D9404E0C53}.Debug|x64.Build.0 = Debug|x64
		{89E60303-FF97-4E96-8C02-36D9404E0C53}.Debug|x86.ActiveCfg = Debug|Win32
		{89E60303-FF97-4E96-8C02-36D9404E0C53}.Debug|x86.Build.0 = Debug|Win32
		{89E60303-FF97-4E96-8C02-36D9404E0C53}.Release|x64.ActiveCfg = Release|x64
		{89E60303-FF97-4E96-8C02-36D9404E0C53}.Release|x64.Build.0 = Release|x64
		{89E60303-FF97-4E96-8C02-36D9404E0C53}.Release|x86.ActiveCfg = Release|Win32
		{89E60303-FF97-4E96-8C02-36D9404E0C53}.Release|x86.Build.0 = Release|Win32
	EndGlobalSection
	GlobalSection(SolutionProperties) = preSolution
		HideSolutionNode = FALSE
	EndGlobalSection
EndGlobal
