
Microsoft Visual Studio Solution File, Format Version 12.00
# Visual Studio 14
VisualStudioVersion = 14.0.25420.1
MinimumVisualStudioVersion = 10.0.40219.1
Project("{8BC9CEB8-8B4A-11D0-8D11-00A0C91BC942}") = "7reverse_integer", "7reverse_integer\7reverse_integer.vcxproj", "{286D6F1F-D84A-417D-AA10-A39686A4DFA5}"
EndProject
Project("{888888A0-9F3D-457C-B088-3A5042F75D52}") = "7reverse_integer_py", "7reverse_integer_py\7reverse_integer_py.pyproj", "{4FB07827-3939-47D3-97F1-E2344E917FD2}"
EndProject
Project("{8BC9CEB8-8B4A-11D0-8D11-00A0C91BC942}") = "8string_to_integer", "8string_to_integer\8string_to_integer.vcxproj", "{50C74504-DB28-4965-8842-291AF0A7F0A4}"
EndProject
Project("{8BC9CEB8-8B4A-11D0-8D11-00A0C91BC942}") = "9palindrome_number", "9palindrome_number\9palindrome_number.vcxproj", "{E3B1C9C8-90B8-4FCB-A05A-CA1DFD8BC4DF}"
EndProject
Project("{8BC9CEB8-8B4A-11D0-8D11-00A0C91BC942}") = "12integer_to_roman", "12integer_to_roman\12integer_to_roman.vcxproj", "{5093C085-FBF1-489F-B98E-D43D8CDBD107}"
EndProject
Project("{8BC9CEB8-8B4A-11D0-8D11-00A0C91BC942}") = "50pow", "50pow\50pow.vcxproj", "{2B31A068-08F9-42B0-A851-8CD6CC69FFDB}"
EndProject
Project("{8BC9CEB8-8B4A-11D0-8D11-00A0C91BC942}") = "136single_number", "136_single_number\136_single_number.vcxproj", "{2C23C22E-E569-4176-8D88-8EC3DF5446EA}"
EndProject
Project("{8BC9CEB8-8B4A-11D0-8D11-00A0C91BC942}") = "231power_of_two", "231power_of_two\231power_of_two.vcxproj", "{B74873D8-1AF1-4714-8643-5823C50DEBBB}"
EndProject
Project("{8BC9CEB8-8B4A-11D0-8D11-00A0C91BC942}") = "258add_digits", "258add_digits\258add_digits.vcxproj", "{70008A85-8CE8-4D9B-896D-B5FDDA909553}"
EndProject
Project("{8BC9CEB8-8B4A-11D0-8D11-00A0C91BC942}") = "283move_zeroes", "283move_zeroes\283move_zeroes.vcxproj", "{9F0E6C2A-B19E-4C14-AEF7-49AEFAFC2E2F}"
EndProject
Project("{8BC9CEB8-8B4A-11D0-8D11-00A0C91BC942}") = "326power_of_three", "326power_of_three\326power_of_three.vcxproj", "{1AA73BBA-C7B9-46CC-BAFE-9096E13E2044}"
EndProject
Project("{8BC9CEB8-8B4A-11D0-8D11-00A0C91BC942}") = "338counting_bits", "338counting_bits\338counting_bits.vcxproj", "{69B80ECC-1394-4EA0-BDC5-9F9BFE820CF3}"
EndProject
Project("{8BC9CEB8-8B4A-11D0-8D11-00A0C91BC942}") = "342power_of_four", "342power_of_four\342power_of_four.vcxproj", "{50A803A9-F65B-490A-B9BF-34F9B2F1C3EF}"
EndProject
Project("{8BC9CEB8-8B4A-11D0-8D11-00A0C91BC942}") = "344reverse_string", "344reverse_string\344reverse_string.vcxproj", "{3F8FE134-C48D-4B94-9230-DAB35CAEE7D2}"
EndProject
Project("{8BC9CEB8-8B4A-11D0-8D11-00A0C91BC942}") = "389find_the_difference", "389find_the_difference\389find_the_difference.vcxproj", "{623FE497-9F19-4BDF-8DD5-A948A8878EF9}"
EndProject
Project("{8BC9CEB8-8B4A-11D0-8D11-00A0C91BC942}") = "415add_strings", "415add_strings\415add_strings.vcxproj", "{30A37EAF-2FDA-4A1F-9B44-8138F2B64568}"
EndProject
Project("{8BC9CEB8-8B4A-11D0-8D11-00A0C91BC942}") = "422valid_word_square", "422valid_word_square\422valid_word_square.vcxproj", "{5A9FBF13-9EF9-4602-AA19-7AE982C6D3A3}"
EndProject
Project("{8BC9CEB8-8B4A-11D0-8D11-00A0C91BC942}") = "171excel_sheet_column_number", "171excel_sheet_column_number\171excel_sheet_column_number.vcxproj", "{41462EF6-AF91-456B-826E-5A7A1A292AE6}"
EndProject
Project("{8BC9CEB8-8B4A-11D0-8D11-00A0C91BC942}") = "445add_two_numbers_II", "445add_two_numbers_II\445add_two_numbers_II.vcxproj", "{F98DB47A-B640-4641-8514-0F7D745A51CE}"
EndProject
Project("{8BC9CEB8-8B4A-11D0-8D11-00A0C91BC942}") = "2add_two_numbers_I", "2add_two_numbers_I\2add_two_numbers_I.vcxproj", "{6FD77814-9356-4E81-A345-A2BC3BE21DBB}"
EndProject
Project("{8BC9CEB8-8B4A-11D0-8D11-00A0C91BC942}") = "1two_sum", "1two_sum\1two_sum.vcxproj", "{BF02C6A5-503A-4CF8-9E3D-A927C221245E}"
EndProject
Project("{888888A0-9F3D-457C-B088-3A5042F75D52}") = "338counting_bits_py", "338counting_bits_py\338counting_bits_py.pyproj", "{9A7A20EF-A115-4E80-98ED-C476B934E9C7}"
EndProject
Project("{888888A0-9F3D-457C-B088-3A5042F75D52}") = "412fizz_buzz_py", "412fizz_buzz_py\412fizz_buzz_py.pyproj", "{AAE5DA97-DB8E-42EA-A82A-A5E152B774CB}"
EndProject
Project("{8BC9CEB8-8B4A-11D0-8D11-00A0C91BC942}") = "73set_matrix_zeroes", "73set_matrix_zeroes\73set_matrix_zeroes.vcxproj", "{7C5E1B87-588C-4262-891A-6BEFEAB599B3}"
EndProject
Project("{8BC9CEB8-8B4A-11D0-8D11-00A0C91BC942}") = "234palindrome_linked_list", "234palindrome_linked_list\234palindrome_linked_list.vcxproj", "{D4145ECE-F896-4F85-80A4-B5B1E40C8210}"
EndProject
Project("{8BC9CEB8-8B4A-11D0-8D11-00A0C91BC942}") = "387first_unique_character_in_a_string", "387first_unique_character_in_a_string\387first_unique_character_in_a_string.vcxproj", "{53BAD048-D7C5-47C8-86CE-22C52F2F8D26}"
EndProject
Project("{8BC9CEB8-8B4A-11D0-8D11-00A0C91BC942}") = "334increasing_triplet_subsequence", "334increasing_triplet_subsequence\334increasing_triplet_subsequence.vcxproj", "{2040A4BF-7331-46BD-9C4C-2CBE03ED7F5B}"
EndProject
Project("{8BC9CEB8-8B4A-11D0-8D11-00A0C91BC942}") = "475heaters", "475heaters\475heaters.vcxproj", "{89599BE3-F264-4D2C-8486-DE6DA7368AE3}"
EndProject
Global
	GlobalSection(SolutionConfigurationPlatforms) = preSolution
		Debug|Any CPU = Debug|Any CPU
		Debug|x64 = Debug|x64
		Debug|x86 = Debug|x86
		Release|Any CPU = Release|Any CPU
		Release|x64 = Release|x64
		Release|x86 = Release|x86
	EndGlobalSection
	GlobalSection(ProjectConfigurationPlatforms) = postSolution
		{286D6F1F-D84A-417D-AA10-A39686A4DFA5}.Debug|Any CPU.ActiveCfg = Debug|Win32
		{286D6F1F-D84A-417D-AA10-A39686A4DFA5}.Debug|x64.ActiveCfg = Debug|x64
		{286D6F1F-D84A-417D-AA10-A39686A4DFA5}.Debug|x64.Build.0 = Debug|x64
		{286D6F1F-D84A-417D-AA10-A39686A4DFA5}.Debug|x86.ActiveCfg = Debug|Win32
		{286D6F1F-D84A-417D-AA10-A39686A4DFA5}.Debug|x86.Build.0 = Debug|Win32
		{286D6F1F-D84A-417D-AA10-A39686A4DFA5}.Release|Any CPU.ActiveCfg = Release|Win32
		{286D6F1F-D84A-417D-AA10-A39686A4DFA5}.Release|x64.ActiveCfg = Release|x64
		{286D6F1F-D84A-417D-AA10-A39686A4DFA5}.Release|x64.Build.0 = Release|x64
		{286D6F1F-D84A-417D-AA10-A39686A4DFA5}.Release|x86.ActiveCfg = Release|Win32
		{286D6F1F-D84A-417D-AA10-A39686A4DFA5}.Release|x86.Build.0 = Release|Win32
		{4FB07827-3939-47D3-97F1-E2344E917FD2}.Debug|Any CPU.ActiveCfg = Debug|Any CPU
		{4FB07827-3939-47D3-97F1-E2344E917FD2}.Debug|x64.ActiveCfg = Debug|Any CPU
		{4FB07827-3939-47D3-97F1-E2344E917FD2}.Debug|x86.ActiveCfg = Debug|Any CPU
		{4FB07827-3939-47D3-97F1-E2344E917FD2}.Release|Any CPU.ActiveCfg = Release|Any CPU
		{4FB07827-3939-47D3-97F1-E2344E917FD2}.Release|x64.ActiveCfg = Release|Any CPU
		{4FB07827-3939-47D3-97F1-E2344E917FD2}.Release|x86.ActiveCfg = Release|Any CPU
		{50C74504-DB28-4965-8842-291AF0A7F0A4}.Debug|Any CPU.ActiveCfg = Debug|Win32
		{50C74504-DB28-4965-8842-291AF0A7F0A4}.Debug|x64.ActiveCfg = Debug|x64
		{50C74504-DB28-4965-8842-291AF0A7F0A4}.Debug|x64.Build.0 = Debug|x64
		{50C74504-DB28-4965-8842-291AF0A7F0A4}.Debug|x86.ActiveCfg = Debug|Win32
		{50C74504-DB28-4965-8842-291AF0A7F0A4}.Debug|x86.Build.0 = Debug|Win32
		{50C74504-DB28-4965-8842-291AF0A7F0A4}.Release|Any CPU.ActiveCfg = Release|Win32
		{50C74504-DB28-4965-8842-291AF0A7F0A4}.Release|x64.ActiveCfg = Release|x64
		{50C74504-DB28-4965-8842-291AF0A7F0A4}.Release|x64.Build.0 = Release|x64
		{50C74504-DB28-4965-8842-291AF0A7F0A4}.Release|x86.ActiveCfg = Release|Win32
		{50C74504-DB28-4965-8842-291AF0A7F0A4}.Release|x86.Build.0 = Release|Win32
		{E3B1C9C8-90B8-4FCB-A05A-CA1DFD8BC4DF}.Debug|Any CPU.ActiveCfg = Debug|Win32
		{E3B1C9C8-90B8-4FCB-A05A-CA1DFD8BC4DF}.Debug|x64.ActiveCfg = Debug|x64
		{E3B1C9C8-90B8-4FCB-A05A-CA1DFD8BC4DF}.Debug|x64.Build.0 = Debug|x64
		{E3B1C9C8-90B8-4FCB-A05A-CA1DFD8BC4DF}.Debug|x86.ActiveCfg = Debug|Win32
		{E3B1C9C8-90B8-4FCB-A05A-CA1DFD8BC4DF}.Debug|x86.Build.0 = Debug|Win32
		{E3B1C9C8-90B8-4FCB-A05A-CA1DFD8BC4DF}.Release|Any CPU.ActiveCfg = Release|Win32
		{E3B1C9C8-90B8-4FCB-A05A-CA1DFD8BC4DF}.Release|x64.ActiveCfg = Release|x64
		{E3B1C9C8-90B8-4FCB-A05A-CA1DFD8BC4DF}.Release|x64.Build.0 = Release|x64
		{E3B1C9C8-90B8-4FCB-A05A-CA1DFD8BC4DF}.Release|x86.ActiveCfg = Release|Win32
		{E3B1C9C8-90B8-4FCB-A05A-CA1DFD8BC4DF}.Release|x86.Build.0 = Release|Win32
		{5093C085-FBF1-489F-B98E-D43D8CDBD107}.Debug|Any CPU.ActiveCfg = Debug|Win32
		{5093C085-FBF1-489F-B98E-D43D8CDBD107}.Debug|x64.ActiveCfg = Debug|x64
		{5093C085-FBF1-489F-B98E-D43D8CDBD107}.Debug|x64.Build.0 = Debug|x64
		{5093C085-FBF1-489F-B98E-D43D8CDBD107}.Debug|x86.ActiveCfg = Debug|Win32
		{5093C085-FBF1-489F-B98E-D43D8CDBD107}.Debug|x86.Build.0 = Debug|Win32
		{5093C085-FBF1-489F-B98E-D43D8CDBD107}.Release|Any CPU.ActiveCfg = Release|Win32
		{5093C085-FBF1-489F-B98E-D43D8CDBD107}.Release|x64.ActiveCfg = Release|x64
		{5093C085-FBF1-489F-B98E-D43D8CDBD107}.Release|x64.Build.0 = Release|x64
		{5093C085-FBF1-489F-B98E-D43D8CDBD107}.Release|x86.ActiveCfg = Release|Win32
		{5093C085-FBF1-489F-B98E-D43D8CDBD107}.Release|x86.Build.0 = Release|Win32
		{2B31A068-08F9-42B0-A851-8CD6CC69FFDB}.Debug|Any CPU.ActiveCfg = Debug|Win32
		{2B31A068-08F9-42B0-A851-8CD6CC69FFDB}.Debug|x64.ActiveCfg = Debug|x64
		{2B31A068-08F9-42B0-A851-8CD6CC69FFDB}.Debug|x64.Build.0 = Debug|x64
		{2B31A068-08F9-42B0-A851-8CD6CC69FFDB}.Debug|x86.ActiveCfg = Debug|Win32
		{2B31A068-08F9-42B0-A851-8CD6CC69FFDB}.Debug|x86.Build.0 = Debug|Win32
		{2B31A068-08F9-42B0-A851-8CD6CC69FFDB}.Release|Any CPU.ActiveCfg = Release|Win32
		{2B31A068-08F9-42B0-A851-8CD6CC69FFDB}.Release|x64.ActiveCfg = Release|x64
		{2B31A068-08F9-42B0-A851-8CD6CC69FFDB}.Release|x64.Build.0 = Release|x64
		{2B31A068-08F9-42B0-A851-8CD6CC69FFDB}.Release|x86.ActiveCfg = Release|Win32
		{2B31A068-08F9-42B0-A851-8CD6CC69FFDB}.Release|x86.Build.0 = Release|Win32
		{2C23C22E-E569-4176-8D88-8EC3DF5446EA}.Debug|Any CPU.ActiveCfg = Debug|Win32
		{2C23C22E-E569-4176-8D88-8EC3DF5446EA}.Debug|x64.ActiveCfg = Debug|x64
		{2C23C22E-E569-4176-8D88-8EC3DF5446EA}.Debug|x64.Build.0 = Debug|x64
		{2C23C22E-E569-4176-8D88-8EC3DF5446EA}.Debug|x86.ActiveCfg = Debug|Win32
		{2C23C22E-E569-4176-8D88-8EC3DF5446EA}.Debug|x86.Build.0 = Debug|Win32
		{2C23C22E-E569-4176-8D88-8EC3DF5446EA}.Release|Any CPU.ActiveCfg = Release|Win32
		{2C23C22E-E569-4176-8D88-8EC3DF5446EA}.Release|x64.ActiveCfg = Release|x64
		{2C23C22E-E569-4176-8D88-8EC3DF5446EA}.Release|x64.Build.0 = Release|x64
		{2C23C22E-E569-4176-8D88-8EC3DF5446EA}.Release|x86.ActiveCfg = Release|Win32
		{2C23C22E-E569-4176-8D88-8EC3DF5446EA}.Release|x86.Build.0 = Release|Win32
		{B74873D8-1AF1-4714-8643-5823C50DEBBB}.Debug|Any CPU.ActiveCfg = Debug|Win32
		{B74873D8-1AF1-4714-8643-5823C50DEBBB}.Debug|x64.ActiveCfg = Debug|x64
		{B74873D8-1AF1-4714-8643-5823C50DEBBB}.Debug|x64.Build.0 = Debug|x64
		{B74873D8-1AF1-4714-8643-5823C50DEBBB}.Debug|x86.ActiveCfg = Debug|Win32
		{B74873D8-1AF1-4714-8643-5823C50DEBBB}.Debug|x86.Build.0 = Debug|Win32
		{B74873D8-1AF1-4714-8643-5823C50DEBBB}.Release|Any CPU.ActiveCfg = Release|Win32
		{B74873D8-1AF1-4714-8643-5823C50DEBBB}.Release|x64.ActiveCfg = Release|x64
		{B74873D8-1AF1-4714-8643-5823C50DEBBB}.Release|x64.Build.0 = Release|x64
		{B74873D8-1AF1-4714-8643-5823C50DEBBB}.Release|x86.ActiveCfg = Release|Win32
		{B74873D8-1AF1-4714-8643-5823C50DEBBB}.Release|x86.Build.0 = Release|Win32
		{70008A85-8CE8-4D9B-896D-B5FDDA909553}.Debug|Any CPU.ActiveCfg = Debug|Win32
		{70008A85-8CE8-4D9B-896D-B5FDDA909553}.Debug|x64.ActiveCfg = Debug|x64
		{70008A85-8CE8-4D9B-896D-B5FDDA909553}.Debug|x64.Build.0 = Debug|x64
		{70008A85-8CE8-4D9B-896D-B5FDDA909553}.Debug|x86.ActiveCfg = Debug|Win32
		{70008A85-8CE8-4D9B-896D-B5FDDA909553}.Debug|x86.Build.0 = Debug|Win32
		{70008A85-8CE8-4D9B-896D-B5FDDA909553}.Release|Any CPU.ActiveCfg = Release|Win32
		{70008A85-8CE8-4D9B-896D-B5FDDA909553}.Release|x64.ActiveCfg = Release|x64
		{70008A85-8CE8-4D9B-896D-B5FDDA909553}.Release|x64.Build.0 = Release|x64
		{70008A85-8CE8-4D9B-896D-B5FDDA909553}.Release|x86.ActiveCfg = Release|Win32
		{70008A85-8CE8-4D9B-896D-B5FDDA909553}.Release|x86.Build.0 = Release|Win32
		{9F0E6C2A-B19E-4C14-AEF7-49AEFAFC2E2F}.Debug|Any CPU.ActiveCfg = Debug|Win32
		{9F0E6C2A-B19E-4C14-AEF7-49AEFAFC2E2F}.Debug|x64.ActiveCfg = Debug|x64
		{9F0E6C2A-B19E-4C14-AEF7-49AEFAFC2E2F}.Debug|x64.Build.0 = Debug|x64
		{9F0E6C2A-B19E-4C14-AEF7-49AEFAFC2E2F}.Debug|x86.ActiveCfg = Debug|Win32
		{9F0E6C2A-B19E-4C14-AEF7-49AEFAFC2E2F}.Debug|x86.Build.0 = Debug|Win32
		{9F0E6C2A-B19E-4C14-AEF7-49AEFAFC2E2F}.Release|Any CPU.ActiveCfg = Release|Win32
		{9F0E6C2A-B19E-4C14-AEF7-49AEFAFC2E2F}.Release|x64.ActiveCfg = Release|x64
		{9F0E6C2A-B19E-4C14-AEF7-49AEFAFC2E2F}.Release|x64.Build.0 = Release|x64
		{9F0E6C2A-B19E-4C14-AEF7-49AEFAFC2E2F}.Release|x86.ActiveCfg = Release|Win32
		{9F0E6C2A-B19E-4C14-AEF7-49AEFAFC2E2F}.Release|x86.Build.0 = Release|Win32
		{1AA73BBA-C7B9-46CC-BAFE-9096E13E2044}.Debug|Any CPU.ActiveCfg = Debug|Win32
		{1AA73BBA-C7B9-46CC-BAFE-9096E13E2044}.Debug|x64.ActiveCfg = Debug|x64
		{1AA73BBA-C7B9-46CC-BAFE-9096E13E2044}.Debug|x64.Build.0 = Debug|x64
		{1AA73BBA-C7B9-46CC-BAFE-9096E13E2044}.Debug|x86.ActiveCfg = Debug|Win32
		{1AA73BBA-C7B9-46CC-BAFE-9096E13E2044}.Debug|x86.Build.0 = Debug|Win32
		{1AA73BBA-C7B9-46CC-BAFE-9096E13E2044}.Release|Any CPU.ActiveCfg = Release|Win32
		{1AA73BBA-C7B9-46CC-BAFE-9096E13E2044}.Release|x64.ActiveCfg = Release|x64
		{1AA73BBA-C7B9-46CC-BAFE-9096E13E2044}.Release|x64.Build.0 = Release|x64
		{1AA73BBA-C7B9-46CC-BAFE-9096E13E2044}.Release|x86.ActiveCfg = Release|Win32
		{1AA73BBA-C7B9-46CC-BAFE-9096E13E2044}.Release|x86.Build.0 = Release|Win32
		{69B80ECC-1394-4EA0-BDC5-9F9BFE820CF3}.Debug|Any CPU.ActiveCfg = Debug|Win32
		{69B80ECC-1394-4EA0-BDC5-9F9BFE820CF3}.Debug|x64.ActiveCfg = Debug|x64
		{69B80ECC-1394-4EA0-BDC5-9F9BFE820CF3}.Debug|x64.Build.0 = Debug|x64
		{69B80ECC-1394-4EA0-BDC5-9F9BFE820CF3}.Debug|x86.ActiveCfg = Debug|Win32
		{69B80ECC-1394-4EA0-BDC5-9F9BFE820CF3}.Debug|x86.Build.0 = Debug|Win32
		{69B80ECC-1394-4EA0-BDC5-9F9BFE820CF3}.Release|Any CPU.ActiveCfg = Release|Win32
		{69B80ECC-1394-4EA0-BDC5-9F9BFE820CF3}.Release|x64.ActiveCfg = Release|x64
		{69B80ECC-1394-4EA0-BDC5-9F9BFE820CF3}.Release|x64.Build.0 = Release|x64
		{69B80ECC-1394-4EA0-BDC5-9F9BFE820CF3}.Release|x86.ActiveCfg = Release|Win32
		{69B80ECC-1394-4EA0-BDC5-9F9BFE820CF3}.Release|x86.Build.0 = Release|Win32
		{50A803A9-F65B-490A-B9BF-34F9B2F1C3EF}.Debug|Any CPU.ActiveCfg = Debug|Win32
		{50A803A9-F65B-490A-B9BF-34F9B2F1C3EF}.Debug|x64.ActiveCfg = Debug|x64
		{50A803A9-F65B-490A-B9BF-34F9B2F1C3EF}.Debug|x64.Build.0 = Debug|x64
		{50A803A9-F65B-490A-B9BF-34F9B2F1C3EF}.Debug|x86.ActiveCfg = Debug|Win32
		{50A803A9-F65B-490A-B9BF-34F9B2F1C3EF}.Debug|x86.Build.0 = Debug|Win32
		{50A803A9-F65B-490A-B9BF-34F9B2F1C3EF}.Release|Any CPU.ActiveCfg = Release|Win32
		{50A803A9-F65B-490A-B9BF-34F9B2F1C3EF}.Release|x64.ActiveCfg = Release|x64
		{50A803A9-F65B-490A-B9BF-34F9B2F1C3EF}.Release|x64.Build.0 = Release|x64
		{50A803A9-F65B-490A-B9BF-34F9B2F1C3EF}.Release|x86.ActiveCfg = Release|Win32
		{50A803A9-F65B-490A-B9BF-34F9B2F1C3EF}.Release|x86.Build.0 = Release|Win32
		{3F8FE134-C48D-4B94-9230-DAB35CAEE7D2}.Debug|Any CPU.ActiveCfg = Debug|Win32
		{3F8FE134-C48D-4B94-9230-DAB35CAEE7D2}.Debug|x64.ActiveCfg = Debug|x64
		{3F8FE134-C48D-4B94-9230-DAB35CAEE7D2}.Debug|x64.Build.0 = Debug|x64
		{3F8FE134-C48D-4B94-9230-DAB35CAEE7D2}.Debug|x86.ActiveCfg = Debug|Win32
		{3F8FE134-C48D-4B94-9230-DAB35CAEE7D2}.Debug|x86.Build.0 = Debug|Win32
		{3F8FE134-C48D-4B94-9230-DAB35CAEE7D2}.Release|Any CPU.ActiveCfg = Release|Win32
		{3F8FE134-C48D-4B94-9230-DAB35CAEE7D2}.Release|x64.ActiveCfg = Release|x64
		{3F8FE134-C48D-4B94-9230-DAB35CAEE7D2}.Release|x64.Build.0 = Release|x64
		{3F8FE134-C48D-4B94-9230-DAB35CAEE7D2}.Release|x86.ActiveCfg = Release|Win32
		{3F8FE134-C48D-4B94-9230-DAB35CAEE7D2}.Release|x86.Build.0 = Release|Win32
		{623FE497-9F19-4BDF-8DD5-A948A8878EF9}.Debug|Any CPU.ActiveCfg = Debug|Win32
		{623FE497-9F19-4BDF-8DD5-A948A8878EF9}.Debug|x64.ActiveCfg = Debug|x64
		{623FE497-9F19-4BDF-8DD5-A948A8878EF9}.Debug|x64.Build.0 = Debug|x64
		{623FE497-9F19-4BDF-8DD5-A948A8878EF9}.Debug|x86.ActiveCfg = Debug|Win32
		{623FE497-9F19-4BDF-8DD5-A948A8878EF9}.Debug|x86.Build.0 = Debug|Win32
		{623FE497-9F19-4BDF-8DD5-A948A8878EF9}.Release|Any CPU.ActiveCfg = Release|Win32
		{623FE497-9F19-4BDF-8DD5-A948A8878EF9}.Release|x64.ActiveCfg = Release|x64
		{623FE497-9F19-4BDF-8DD5-A948A8878EF9}.Release|x64.Build.0 = Release|x64
		{623FE497-9F19-4BDF-8DD5-A948A8878EF9}.Release|x86.ActiveCfg = Release|Win32
		{623FE497-9F19-4BDF-8DD5-A948A8878EF9}.Release|x86.Build.0 = Release|Win32
		{30A37EAF-2FDA-4A1F-9B44-8138F2B64568}.Debug|Any CPU.ActiveCfg = Debug|Win32
		{30A37EAF-2FDA-4A1F-9B44-8138F2B64568}.Debug|x64.ActiveCfg = Debug|x64
		{30A37EAF-2FDA-4A1F-9B44-8138F2B64568}.Debug|x64.Build.0 = Debug|x64
		{30A37EAF-2FDA-4A1F-9B44-8138F2B64568}.Debug|x86.ActiveCfg = Debug|Win32
		{30A37EAF-2FDA-4A1F-9B44-8138F2B64568}.Debug|x86.Build.0 = Debug|Win32
		{30A37EAF-2FDA-4A1F-9B44-8138F2B64568}.Release|Any CPU.ActiveCfg = Release|Win32
		{30A37EAF-2FDA-4A1F-9B44-8138F2B64568}.Release|x64.ActiveCfg = Release|x64
		{30A37EAF-2FDA-4A1F-9B44-8138F2B64568}.Release|x64.Build.0 = Release|x64
		{30A37EAF-2FDA-4A1F-9B44-8138F2B64568}.Release|x86.ActiveCfg = Release|Win32
		{30A37EAF-2FDA-4A1F-9B44-8138F2B64568}.Release|x86.Build.0 = Release|Win32
		{5A9FBF13-9EF9-4602-AA19-7AE982C6D3A3}.Debug|Any CPU.ActiveCfg = Debug|Win32
		{5A9FBF13-9EF9-4602-AA19-7AE982C6D3A3}.Debug|x64.ActiveCfg = Debug|x64
		{5A9FBF13-9EF9-4602-AA19-7AE982C6D3A3}.Debug|x64.Build.0 = Debug|x64
		{5A9FBF13-9EF9-4602-AA19-7AE982C6D3A3}.Debug|x86.ActiveCfg = Debug|Win32
		{5A9FBF13-9EF9-4602-AA19-7AE982C6D3A3}.Debug|x86.Build.0 = Debug|Win32
		{5A9FBF13-9EF9-4602-AA19-7AE982C6D3A3}.Release|Any CPU.ActiveCfg = Release|Win32
		{5A9FBF13-9EF9-4602-AA19-7AE982C6D3A3}.Release|x64.ActiveCfg = Release|x64
		{5A9FBF13-9EF9-4602-AA19-7AE982C6D3A3}.Release|x64.Build.0 = Release|x64
		{5A9FBF13-9EF9-4602-AA19-7AE982C6D3A3}.Release|x86.ActiveCfg = Release|Win32
		{5A9FBF13-9EF9-4602-AA19-7AE982C6D3A3}.Release|x86.Build.0 = Release|Win32
		{41462EF6-AF91-456B-826E-5A7A1A292AE6}.Debug|Any CPU.ActiveCfg = Debug|Win32
		{41462EF6-AF91-456B-826E-5A7A1A292AE6}.Debug|x64.ActiveCfg = Debug|x64
		{41462EF6-AF91-456B-826E-5A7A1A292AE6}.Debug|x64.Build.0 = Debug|x64
		{41462EF6-AF91-456B-826E-5A7A1A292AE6}.Debug|x86.ActiveCfg = Debug|Win32
		{41462EF6-AF91-456B-826E-5A7A1A292AE6}.Debug|x86.Build.0 = Debug|Win32
		{41462EF6-AF91-456B-826E-5A7A1A292AE6}.Release|Any CPU.ActiveCfg = Release|Win32
		{41462EF6-AF91-456B-826E-5A7A1A292AE6}.Release|x64.ActiveCfg = Release|x64
		{41462EF6-AF91-456B-826E-5A7A1A292AE6}.Release|x64.Build.0 = Release|x64
		{41462EF6-AF91-456B-826E-5A7A1A292AE6}.Release|x86.ActiveCfg = Release|Win32
		{41462EF6-AF91-456B-826E-5A7A1A292AE6}.Release|x86.Build.0 = Release|Win32
		{F98DB47A-B640-4641-8514-0F7D745A51CE}.Debug|Any CPU.ActiveCfg = Debug|Win32
		{F98DB47A-B640-4641-8514-0F7D745A51CE}.Debug|x64.ActiveCfg = Debug|x64
		{F98DB47A-B640-4641-8514-0F7D745A51CE}.Debug|x64.Build.0 = Debug|x64
		{F98DB47A-B640-4641-8514-0F7D745A51CE}.Debug|x86.ActiveCfg = Debug|Win32
		{F98DB47A-B640-4641-8514-0F7D745A51CE}.Debug|x86.Build.0 = Debug|Win32
		{F98DB47A-B640-4641-8514-0F7D745A51CE}.Release|Any CPU.ActiveCfg = Release|Win32
		{F98DB47A-B640-4641-8514-0F7D745A51CE}.Release|x64.ActiveCfg = Release|x64
		{F98DB47A-B640-4641-8514-0F7D745A51CE}.Release|x64.Build.0 = Release|x64
		{F98DB47A-B640-4641-8514-0F7D745A51CE}.Release|x86.ActiveCfg = Release|Win32
		{F98DB47A-B640-4641-8514-0F7D745A51CE}.Release|x86.Build.0 = Release|Win32
		{6FD77814-9356-4E81-A345-A2BC3BE21DBB}.Debug|Any CPU.ActiveCfg = Debug|Win32
		{6FD77814-9356-4E81-A345-A2BC3BE21DBB}.Debug|x64.ActiveCfg = Debug|x64
		{6FD77814-9356-4E81-A345-A2BC3BE21DBB}.Debug|x64.Build.0 = Debug|x64
		{6FD77814-9356-4E81-A345-A2BC3BE21DBB}.Debug|x86.ActiveCfg = Debug|Win32
		{6FD77814-9356-4E81-A345-A2BC3BE21DBB}.Debug|x86.Build.0 = Debug|Win32
		{6FD77814-9356-4E81-A345-A2BC3BE21DBB}.Release|Any CPU.ActiveCfg = Release|Win32
		{6FD77814-9356-4E81-A345-A2BC3BE21DBB}.Release|x64.ActiveCfg = Release|x64
		{6FD77814-9356-4E81-A345-A2BC3BE21DBB}.Release|x64.Build.0 = Release|x64
		{6FD77814-9356-4E81-A345-A2BC3BE21DBB}.Release|x86.ActiveCfg = Release|Win32
		{6FD77814-9356-4E81-A345-A2BC3BE21DBB}.Release|x86.Build.0 = Release|Win32
		{BF02C6A5-503A-4CF8-9E3D-A927C221245E}.Debug|Any CPU.ActiveCfg = Debug|Win32
		{BF02C6A5-503A-4CF8-9E3D-A927C221245E}.Debug|x64.ActiveCfg = Debug|x64
		{BF02C6A5-503A-4CF8-9E3D-A927C221245E}.Debug|x64.Build.0 = Debug|x64
		{BF02C6A5-503A-4CF8-9E3D-A927C221245E}.Debug|x86.ActiveCfg = Debug|Win32
		{BF02C6A5-503A-4CF8-9E3D-A927C221245E}.Debug|x86.Build.0 = Debug|Win32
		{BF02C6A5-503A-4CF8-9E3D-A927C221245E}.Release|Any CPU.ActiveCfg = Release|Win32
		{BF02C6A5-503A-4CF8-9E3D-A927C221245E}.Release|x64.ActiveCfg = Release|x64
		{BF02C6A5-503A-4CF8-9E3D-A927C221245E}.Release|x64.Build.0 = Release|x64
		{BF02C6A5-503A-4CF8-9E3D-A927C221245E}.Release|x86.ActiveCfg = Release|Win32
		{BF02C6A5-503A-4CF8-9E3D-A927C221245E}.Release|x86.Build.0 = Release|Win32
		{9A7A20EF-A115-4E80-98ED-C476B934E9C7}.Debug|Any CPU.ActiveCfg = Debug|Any CPU
		{9A7A20EF-A115-4E80-98ED-C476B934E9C7}.Debug|x64.ActiveCfg = Debug|Any CPU
		{9A7A20EF-A115-4E80-98ED-C476B934E9C7}.Debug|x86.ActiveCfg = Debug|Any CPU
		{9A7A20EF-A115-4E80-98ED-C476B934E9C7}.Release|Any CPU.ActiveCfg = Release|Any CPU
		{9A7A20EF-A115-4E80-98ED-C476B934E9C7}.Release|x64.ActiveCfg = Release|Any CPU
		{9A7A20EF-A115-4E80-98ED-C476B934E9C7}.Release|x86.ActiveCfg = Release|Any CPU
		{AAE5DA97-DB8E-42EA-A82A-A5E152B774CB}.Debug|Any CPU.ActiveCfg = Debug|Any CPU
		{AAE5DA97-DB8E-42EA-A82A-A5E152B774CB}.Debug|x64.ActiveCfg = Debug|Any CPU
		{AAE5DA97-DB8E-42EA-A82A-A5E152B774CB}.Debug|x86.ActiveCfg = Debug|Any CPU
		{AAE5DA97-DB8E-42EA-A82A-A5E152B774CB}.Release|Any CPU.ActiveCfg = Release|Any CPU
		{AAE5DA97-DB8E-42EA-A82A-A5E152B774CB}.Release|x64.ActiveCfg = Release|Any CPU
		{AAE5DA97-DB8E-42EA-A82A-A5E152B774CB}.Release|x86.ActiveCfg = Release|Any CPU
		{7C5E1B87-588C-4262-891A-6BEFEAB599B3}.Debug|Any CPU.ActiveCfg = Debug|Win32
		{7C5E1B87-588C-4262-891A-6BEFEAB599B3}.Debug|x64.ActiveCfg = Debug|x64
		{7C5E1B87-588C-4262-891A-6BEFEAB599B3}.Debug|x64.Build.0 = Debug|x64
		{7C5E1B87-588C-4262-891A-6BEFEAB599B3}.Debug|x86.ActiveCfg = Debug|Win32
		{7C5E1B87-588C-4262-891A-6BEFEAB599B3}.Debug|x86.Build.0 = Debug|Win32
		{7C5E1B87-588C-4262-891A-6BEFEAB599B3}.Release|Any CPU.ActiveCfg = Release|Win32
		{7C5E1B87-588C-4262-891A-6BEFEAB599B3}.Release|x64.ActiveCfg = Release|x64
		{7C5E1B87-588C-4262-891A-6BEFEAB599B3}.Release|x64.Build.0 = Release|x64
		{7C5E1B87-588C-4262-891A-6BEFEAB599B3}.Release|x86.ActiveCfg = Release|Win32
		{7C5E1B87-588C-4262-891A-6BEFEAB599B3}.Release|x86.Build.0 = Release|Win32
		{D4145ECE-F896-4F85-80A4-B5B1E40C8210}.Debug|Any CPU.ActiveCfg = Debug|Win32
		{D4145ECE-F896-4F85-80A4-B5B1E40C8210}.Debug|x64.ActiveCfg = Debug|x64
		{D4145ECE-F896-4F85-80A4-B5B1E40C8210}.Debug|x64.Build.0 = Debug|x64
		{D4145ECE-F896-4F85-80A4-B5B1E40C8210}.Debug|x86.ActiveCfg = Debug|Win32
		{D4145ECE-F896-4F85-80A4-B5B1E40C8210}.Debug|x86.Build.0 = Debug|Win32
		{D4145ECE-F896-4F85-80A4-B5B1E40C8210}.Release|Any CPU.ActiveCfg = Release|Win32
		{D4145ECE-F896-4F85-80A4-B5B1E40C8210}.Release|x64.ActiveCfg = Release|x64
		{D4145ECE-F896-4F85-80A4-B5B1E40C8210}.Release|x64.Build.0 = Release|x64
		{D4145ECE-F896-4F85-80A4-B5B1E40C8210}.Release|x86.ActiveCfg = Release|Win32
		{D4145ECE-F896-4F85-80A4-B5B1E40C8210}.Release|x86.Build.0 = Release|Win32
		{53BAD048-D7C5-47C8-86CE-22C52F2F8D26}.Debug|Any CPU.ActiveCfg = Debug|Win32
		{53BAD048-D7C5-47C8-86CE-22C52F2F8D26}.Debug|x64.ActiveCfg = Debug|x64
		{53BAD048-D7C5-47C8-86CE-22C52F2F8D26}.Debug|x64.Build.0 = Debug|x64
		{53BAD048-D7C5-47C8-86CE-22C52F2F8D26}.Debug|x86.ActiveCfg = Debug|Win32
		{53BAD048-D7C5-47C8-86CE-22C52F2F8D26}.Debug|x86.Build.0 = Debug|Win32
		{53BAD048-D7C5-47C8-86CE-22C52F2F8D26}.Release|Any CPU.ActiveCfg = Release|Win32
		{53BAD048-D7C5-47C8-86CE-22C52F2F8D26}.Release|x64.ActiveCfg = Release|x64
		{53BAD048-D7C5-47C8-86CE-22C52F2F8D26}.Release|x64.Build.0 = Release|x64
		{53BAD048-D7C5-47C8-86CE-22C52F2F8D26}.Release|x86.ActiveCfg = Release|Win32
		{53BAD048-D7C5-47C8-86CE-22C52F2F8D26}.Release|x86.Build.0 = Release|Win32
		{2040A4BF-7331-46BD-9C4C-2CBE03ED7F5B}.Debug|Any CPU.ActiveCfg = Debug|Win32
		{2040A4BF-7331-46BD-9C4C-2CBE03ED7F5B}.Debug|x64.ActiveCfg = Debug|x64
		{2040A4BF-7331-46BD-9C4C-2CBE03ED7F5B}.Debug|x64.Build.0 = Debug|x64
		{2040A4BF-7331-46BD-9C4C-2CBE03ED7F5B}.Debug|x86.ActiveCfg = Debug|Win32
		{2040A4BF-7331-46BD-9C4C-2CBE03ED7F5B}.Debug|x86.Build.0 = Debug|Win32
		{2040A4BF-7331-46BD-9C4C-2CBE03ED7F5B}.Release|Any CPU.ActiveCfg = Release|Win32
		{2040A4BF-7331-46BD-9C4C-2CBE03ED7F5B}.Release|x64.ActiveCfg = Release|x64
		{2040A4BF-7331-46BD-9C4C-2CBE03ED7F5B}.Release|x64.Build.0 = Release|x64
		{2040A4BF-7331-46BD-9C4C-2CBE03ED7F5B}.Release|x86.ActiveCfg = Release|Win32
		{2040A4BF-7331-46BD-9C4C-2CBE03ED7F5B}.Release|x86.Build.0 = Release|Win32
		{89599BE3-F264-4D2C-8486-DE6DA7368AE3}.Debug|Any CPU.ActiveCfg = Debug|Win32
		{89599BE3-F264-4D2C-8486-DE6DA7368AE3}.Debug|x64.ActiveCfg = Debug|x64
		{89599BE3-F264-4D2C-8486-DE6DA7368AE3}.Debug|x64.Build.0 = Debug|x64
		{89599BE3-F264-4D2C-8486-DE6DA7368AE3}.Debug|x86.ActiveCfg = Debug|Win32
		{89599BE3-F264-4D2C-8486-DE6DA7368AE3}.Debug|x86.Build.0 = Debug|Win32
		{89599BE3-F264-4D2C-8486-DE6DA7368AE3}.Release|Any CPU.ActiveCfg = Release|Win32
		{89599BE3-F264-4D2C-8486-DE6DA7368AE3}.Release|x64.ActiveCfg = Release|x64
		{89599BE3-F264-4D2C-8486-DE6DA7368AE3}.Release|x64.Build.0 = Release|x64
		{89599BE3-F264-4D2C-8486-DE6DA7368AE3}.Release|x86.ActiveCfg = Release|Win32
		{89599BE3-F264-4D2C-8486-DE6DA7368AE3}.Release|x86.Build.0 = Release|Win32
	EndGlobalSection
	GlobalSection(SolutionProperties) = preSolution
		HideSolutionNode = FALSE
	EndGlobalSection
EndGlobal
