
Microsoft Visual Studio Solution File, Format Version 12.00
# Visual Studio Version 16
VisualStudioVersion = 16.0.31129.286
MinimumVisualStudioVersion = 10.0.40219.1
Project("{2150E333-8FDC-42A3-9474-1A3956D46DE8}") = "Solution Items", "Solution Items", "{6D39B3E9-9C29-42E6-91DC-BAC35FC3B9AF}"
	ProjectSection(SolutionItems) = preProject
		readme.md = readme.md
	EndProjectSection
EndProject
Project("{8BC9CEB8-8B4A-11D0-8D11-00A0C91BC942}") = "0001_two_sum", "0001_two_sum\0001_two_sum.vcxproj", "{8323F5CE-7285-4CB1-BF27-8BC303391DA6}"
EndProject
Project("{8BC9CEB8-8B4A-11D0-8D11-00A0C91BC942}") = "0002_add_two_numbers", "0002_add_two_numbers\0002_add_two_numbers.vcxproj", "{4D57B966-07CD-49C1-99E8-9EC2FA03FE8A}"
EndProject
Project("{8BC9CEB8-8B4A-11D0-8D11-00A0C91BC942}") = "1694_reformat_phone_number", "1694_reformat_phone_number\1694_reformat_phone_number.vcxproj", "{8BF5E8F6-ACB8-4F63-9D7B-42DE6142FD1B}"
EndProject
Project("{8BC9CEB8-8B4A-11D0-8D11-00A0C91BC942}") = "1736_latest_time_by_replacing_hidden_digits", "1736_latest_time_by_replacing_hidden_digits\1736_latest_time_by_replacing_hidden_digits.vcxproj", "{716DC5EC-A39E-4A94-914A-DF68BE2E5AD7}"
EndProject
Project("{8BC9CEB8-8B4A-11D0-8D11-00A0C91BC942}") = "1688_count_of_matches_in_tournament", "1688_count_of_matches_in_tournament\1688_count_of_matches_in_tournament.vcxproj", "{B5A41322-496A-4774-81E0-D8FD2E41097C}"
EndProject
Project("{8BC9CEB8-8B4A-11D0-8D11-00A0C91BC942}") = "1652_defuse_the_bomb", "1652_defuse_the_bomb\1652_defuse_the_bomb.vcxproj", "{7A5888BA-CE06-4B70-9D29-E5A3115BB964}"
EndProject
Project("{8BC9CEB8-8B4A-11D0-8D11-00A0C91BC942}") = "1646_get_maximum_in_generated_array", "1646_get_maximum_in_generated_array\1646_get_maximum_in_generated_array.vcxproj", "{342EE9DE-9970-4618-A5A8-DF7A473F2408}"
EndProject
Global
	GlobalSection(SolutionConfigurationPlatforms) = preSolution
		Debug|x64 = Debug|x64
		Debug|x86 = Debug|x86
		Release|x64 = Release|x64
		Release|x86 = Release|x86
	EndGlobalSection
	GlobalSection(ProjectConfigurationPlatforms) = postSolution
		{8323F5CE-7285-4CB1-BF27-8BC303391DA6}.Debug|x64.ActiveCfg = Debug|x64
		{8323F5CE-7285-4CB1-BF27-8BC303391DA6}.Debug|x64.Build.0 = Debug|x64
		{8323F5CE-7285-4CB1-BF27-8BC303391DA6}.Debug|x86.ActiveCfg = Debug|Win32
		{8323F5CE-7285-4CB1-BF27-8BC303391DA6}.Debug|x86.Build.0 = Debug|Win32
		{8323F5CE-7285-4CB1-BF27-8BC303391DA6}.Release|x64.ActiveCfg = Release|x64
		{8323F5CE-7285-4CB1-BF27-8BC303391DA6}.Release|x64.Build.0 = Release|x64
		{8323F5CE-7285-4CB1-BF27-8BC303391DA6}.Release|x86.ActiveCfg = Release|Win32
		{8323F5CE-7285-4CB1-BF27-8BC303391DA6}.Release|x86.Build.0 = Release|Win32
		{4D57B966-07CD-49C1-99E8-9EC2FA03FE8A}.Debug|x64.ActiveCfg = Debug|x64
		{4D57B966-07CD-49C1-99E8-9EC2FA03FE8A}.Debug|x64.Build.0 = Debug|x64
		{4D57B966-07CD-49C1-99E8-9EC2FA03FE8A}.Debug|x86.ActiveCfg = Debug|Win32
		{4D57B966-07CD-49C1-99E8-9EC2FA03FE8A}.Debug|x86.Build.0 = Debug|Win32
		{4D57B966-07CD-49C1-99E8-9EC2FA03FE8A}.Release|x64.ActiveCfg = Release|x64
		{4D57B966-07CD-49C1-99E8-9EC2FA03FE8A}.Release|x64.Build.0 = Release|x64
		{4D57B966-07CD-49C1-99E8-9EC2FA03FE8A}.Release|x86.ActiveCfg = Release|Win32
		{4D57B966-07CD-49C1-99E8-9EC2FA03FE8A}.Release|x86.Build.0 = Release|Win32
		{8BF5E8F6-ACB8-4F63-9D7B-42DE6142FD1B}.Debug|x64.ActiveCfg = Debug|x64
		{8BF5E8F6-ACB8-4F63-9D7B-42DE6142FD1B}.Debug|x64.Build.0 = Debug|x64
		{8BF5E8F6-ACB8-4F63-9D7B-42DE6142FD1B}.Debug|x86.ActiveCfg = Debug|Win32
		{8BF5E8F6-ACB8-4F63-9D7B-42DE6142FD1B}.Debug|x86.Build.0 = Debug|Win32
		{8BF5E8F6-ACB8-4F63-9D7B-42DE6142FD1B}.Release|x64.ActiveCfg = Release|x64
		{8BF5E8F6-ACB8-4F63-9D7B-42DE6142FD1B}.Release|x64.Build.0 = Release|x64
		{8BF5E8F6-ACB8-4F63-9D7B-42DE6142FD1B}.Release|x86.ActiveCfg = Release|Win32
		{8BF5E8F6-ACB8-4F63-9D7B-42DE6142FD1B}.Release|x86.Build.0 = Release|Win32
		{716DC5EC-A39E-4A94-914A-DF68BE2E5AD7}.Debug|x64.ActiveCfg = Debug|x64
		{716DC5EC-A39E-4A94-914A-DF68BE2E5AD7}.Debug|x64.Build.0 = Debug|x64
		{716DC5EC-A39E-4A94-914A-DF68BE2E5AD7}.Debug|x86.ActiveCfg = Debug|Win32
		{716DC5EC-A39E-4A94-914A-DF68BE2E5AD7}.Debug|x86.Build.0 = Debug|Win32
		{716DC5EC-A39E-4A94-914A-DF68BE2E5AD7}.Release|x64.ActiveCfg = Release|x64
		{716DC5EC-A39E-4A94-914A-DF68BE2E5AD7}.Release|x64.Build.0 = Release|x64
		{716DC5EC-A39E-4A94-914A-DF68BE2E5AD7}.Release|x86.ActiveCfg = Release|Win32
		{716DC5EC-A39E-4A94-914A-DF68BE2E5AD7}.Release|x86.Build.0 = Release|Win32
		{B5A41322-496A-4774-81E0-D8FD2E41097C}.Debug|x64.ActiveCfg = Debug|x64
		{B5A41322-496A-4774-81E0-D8FD2E41097C}.Debug|x64.Build.0 = Debug|x64
		{B5A41322-496A-4774-81E0-D8FD2E41097C}.Debug|x86.ActiveCfg = Debug|Win32
		{B5A41322-496A-4774-81E0-D8FD2E41097C}.Debug|x86.Build.0 = Debug|Win32
		{B5A41322-496A-4774-81E0-D8FD2E41097C}.Release|x64.ActiveCfg = Release|x64
		{B5A41322-496A-4774-81E0-D8FD2E41097C}.Release|x64.Build.0 = Release|x64
		{B5A41322-496A-4774-81E0-D8FD2E41097C}.Release|x86.ActiveCfg = Release|Win32
		{B5A41322-496A-4774-81E0-D8FD2E41097C}.Release|x86.Build.0 = Release|Win32
		{7A5888BA-CE06-4B70-9D29-E5A3115BB964}.Debug|x64.ActiveCfg = Debug|x64
		{7A5888BA-CE06-4B70-9D29-E5A3115BB964}.Debug|x64.Build.0 = Debug|x64
		{7A5888BA-CE06-4B70-9D29-E5A3115BB964}.Debug|x86.ActiveCfg = Debug|Win32
		{7A5888BA-CE06-4B70-9D29-E5A3115BB964}.Debug|x86.Build.0 = Debug|Win32
		{7A5888BA-CE06-4B70-9D29-E5A3115BB964}.Release|x64.ActiveCfg = Release|x64
		{7A5888BA-CE06-4B70-9D29-E5A3115BB964}.Release|x64.Build.0 = Release|x64
		{7A5888BA-CE06-4B70-9D29-E5A3115BB964}.Release|x86.ActiveCfg = Release|Win32
		{7A5888BA-CE06-4B70-9D29-E5A3115BB964}.Release|x86.Build.0 = Release|Win32
		{342EE9DE-9970-4618-A5A8-DF7A473F2408}.Debug|x64.ActiveCfg = Debug|x64
		{342EE9DE-9970-4618-A5A8-DF7A473F2408}.Debug|x64.Build.0 = Debug|x64
		{342EE9DE-9970-4618-A5A8-DF7A473F2408}.Debug|x86.ActiveCfg = Debug|Win32
		{342EE9DE-9970-4618-A5A8-DF7A473F2408}.Debug|x86.Build.0 = Debug|Win32
		{342EE9DE-9970-4618-A5A8-DF7A473F2408}.Release|x64.ActiveCfg = Release|x64
		{342EE9DE-9970-4618-A5A8-DF7A473F2408}.Release|x64.Build.0 = Release|x64
		{342EE9DE-9970-4618-A5A8-DF7A473F2408}.Release|x86.ActiveCfg = Release|Win32
		{342EE9DE-9970-4618-A5A8-DF7A473F2408}.Release|x86.Build.0 = Release|Win32
	EndGlobalSection
	GlobalSection(SolutionProperties) = preSolution
		HideSolutionNode = FALSE
	EndGlobalSection
	GlobalSection(ExtensibilityGlobals) = postSolution
		SolutionGuid = {FB7F902A-63A5-4CBA-B953-3FCBE088AFFC}
	EndGlobalSection
EndGlobal
