
Microsoft Visual Studio Solution File, Format Version 12.00
# Visual Studio 15
VisualStudioVersion = 15.0.27004.2009
MinimumVisualStudioVersion = 10.0.40219.1
Project("{8BC9CEB8-8B4A-11D0-8D11-00A0C91BC942}") = "567permutation_in_string", "leetcodeII\leetcodeII.vcxproj", "{35EA98C1-E0AE-4F14-A62F-B3603E596C8C}"
EndProject
Project("{8BC9CEB8-8B4A-11D0-8D11-00A0C91BC942}") = "696count_binary_substrings", "696count_binary_substrings\696count_binary_substrings.vcxproj", "{A51D82B7-9980-42D9-8E7E-B711FFBB4B45}"
EndProject
Project("{8BC9CEB8-8B4A-11D0-8D11-00A0C91BC942}") = "724find_pivot_index", "724find_pivot_index\724find_pivot_index.vcxproj", "{A9563062-2CFE-45C4-957A-7BE6030E5FFB}"
EndProject
Project("{8BC9CEB8-8B4A-11D0-8D11-00A0C91BC942}") = "717a-bit_and_2-bit_characters", "717a-bit_and_2-bit_characters\717a-bit_and_2-bit_characters.vcxproj", "{5B2F24E0-74B0-4BBB-87AC-F3AB9E427D9D}"
EndProject
Project("{8BC9CEB8-8B4A-11D0-8D11-00A0C91BC942}") = "728self_dividing_numbers", "728self_dividing_numbers\728self_dividing_numbers.vcxproj", "{56BC2176-B1B7-419E-8A39-62C7797AB2EA}"
EndProject
Project("{8BC9CEB8-8B4A-11D0-8D11-00A0C91BC942}") = "682baseball_game", "682baseball_game\682baseball_game.vcxproj", "{8E39BD64-35DF-4675-BE19-3529766EDDBB}"
EndProject
Project("{8BC9CEB8-8B4A-11D0-8D11-00A0C91BC942}") = "46permutations", "46permutations\46permutations.vcxproj", "{BE0C1EE5-9EDF-42CF-854C-AD0A20FD4BCE}"
EndProject
Project("{8BC9CEB8-8B4A-11D0-8D11-00A0C91BC942}") = "31next_permutation", "31next_permutation\31next_permutation.vcxproj", "{C4A344C5-999A-4701-8A56-B273B9842D5B}"
EndProject
Project("{8BC9CEB8-8B4A-11D0-8D11-00A0C91BC942}") = "47permutations_II", "47permutations_II\47permutations_II.vcxproj", "{AAEBA99A-88CF-4F5E-9B39-1ED40EB8BD9A}"
EndProject
Project("{8BC9CEB8-8B4A-11D0-8D11-00A0C91BC942}") = "60permutation_sequence", "60permutation_sequence\60permutation_sequence.vcxproj", "{F2383213-FECE-4A40-AD13-1B121498642A}"
EndProject
Project("{8BC9CEB8-8B4A-11D0-8D11-00A0C91BC942}") = "739daily_temperatures", "739daily_temperatures\739daily_temperatures.vcxproj", "{8E24B66B-CC35-4AA2-A37B-4F3530CC9DF6}"
EndProject
Project("{888888A0-9F3D-457C-B088-3A5042F75D52}") = "738monotone_increasing_digits", "738monotone_increasing_digits\738monotone_increasing_digits.pyproj", "{A3F5291B-3BBE-4FC5-A2F1-08701E76046B}"
EndProject
Project("{8BC9CEB8-8B4A-11D0-8D11-00A0C91BC942}") = "744find_smallest_letter_greater_than_target", "744find_smallest_letter_greater_than_target\744find_smallest_letter_greater_than_target.vcxproj", "{741BBC9D-F03F-44F8-802C-DA5DEE10FF49}"
EndProject
Project("{8BC9CEB8-8B4A-11D0-8D11-00A0C91BC942}") = "441arranging_coins", "441arranging_coins\441arranging_coins.vcxproj", "{88F973A3-BDD9-42C2-9515-9088426BECA9}"
EndProject
Project("{8BC9CEB8-8B4A-11D0-8D11-00A0C91BC942}") = "540single_element_in_a_sorted_array", "540single_element_in_a_sorted_array\540single_element_in_a_sorted_array.vcxproj", "{223B7C38-7C01-4823-8AFE-6C9C18AD6FCD}"
EndProject
Project("{8BC9CEB8-8B4A-11D0-8D11-00A0C91BC942}") = "747largest_number_greater_than_twice_of_others", "747largest_number_greater_than_twice_of_others\747largest_number_greater_than_twice_of_others.vcxproj", "{7F9CEC0F-180B-4B93-9EE7-44FA85FB29B3}"
EndProject
Global
	GlobalSection(SolutionConfigurationPlatforms) = preSolution
		Debug|Any CPU = Debug|Any CPU
		Debug|x64 = Debug|x64
		Debug|x86 = Debug|x86
		Release|Any CPU = Release|Any CPU
		Release|x64 = Release|x64
		Release|x86 = Release|x86
	EndGlobalSection
	GlobalSection(ProjectConfigurationPlatforms) = postSolution
		{35EA98C1-E0AE-4F14-A62F-B3603E596C8C}.Debug|Any CPU.ActiveCfg = Debug|Win32
		{35EA98C1-E0AE-4F14-A62F-B3603E596C8C}.Debug|x64.ActiveCfg = Debug|x64
		{35EA98C1-E0AE-4F14-A62F-B3603E596C8C}.Debug|x64.Build.0 = Debug|x64
		{35EA98C1-E0AE-4F14-A62F-B3603E596C8C}.Debug|x86.ActiveCfg = Debug|Win32
		{35EA98C1-E0AE-4F14-A62F-B3603E596C8C}.Debug|x86.Build.0 = Debug|Win32
		{35EA98C1-E0AE-4F14-A62F-B3603E596C8C}.Release|Any CPU.ActiveCfg = Release|Win32
		{35EA98C1-E0AE-4F14-A62F-B3603E596C8C}.Release|x64.ActiveCfg = Release|x64
		{35EA98C1-E0AE-4F14-A62F-B3603E596C8C}.Release|x64.Build.0 = Release|x64
		{35EA98C1-E0AE-4F14-A62F-B3603E596C8C}.Release|x86.ActiveCfg = Release|Win32
		{35EA98C1-E0AE-4F14-A62F-B3603E596C8C}.Release|x86.Build.0 = Release|Win32
		{A51D82B7-9980-42D9-8E7E-B711FFBB4B45}.Debug|Any CPU.ActiveCfg = Debug|Win32
		{A51D82B7-9980-42D9-8E7E-B711FFBB4B45}.Debug|x64.ActiveCfg = Debug|x64
		{A51D82B7-9980-42D9-8E7E-B711FFBB4B45}.Debug|x64.Build.0 = Debug|x64
		{A51D82B7-9980-42D9-8E7E-B711FFBB4B45}.Debug|x86.ActiveCfg = Debug|Win32
		{A51D82B7-9980-42D9-8E7E-B711FFBB4B45}.Debug|x86.Build.0 = Debug|Win32
		{A51D82B7-9980-42D9-8E7E-B711FFBB4B45}.Release|Any CPU.ActiveCfg = Release|Win32
		{A51D82B7-9980-42D9-8E7E-B711FFBB4B45}.Release|x64.ActiveCfg = Release|x64
		{A51D82B7-9980-42D9-8E7E-B711FFBB4B45}.Release|x64.Build.0 = Release|x64
		{A51D82B7-9980-42D9-8E7E-B711FFBB4B45}.Release|x86.ActiveCfg = Release|Win32
		{A51D82B7-9980-42D9-8E7E-B711FFBB4B45}.Release|x86.Build.0 = Release|Win32
		{A9563062-2CFE-45C4-957A-7BE6030E5FFB}.Debug|Any CPU.ActiveCfg = Debug|Win32
		{A9563062-2CFE-45C4-957A-7BE6030E5FFB}.Debug|x64.ActiveCfg = Debug|x64
		{A9563062-2CFE-45C4-957A-7BE6030E5FFB}.Debug|x64.Build.0 = Debug|x64
		{A9563062-2CFE-45C4-957A-7BE6030E5FFB}.Debug|x86.ActiveCfg = Debug|Win32
		{A9563062-2CFE-45C4-957A-7BE6030E5FFB}.Debug|x86.Build.0 = Debug|Win32
		{A9563062-2CFE-45C4-957A-7BE6030E5FFB}.Release|Any CPU.ActiveCfg = Release|Win32
		{A9563062-2CFE-45C4-957A-7BE6030E5FFB}.Release|x64.ActiveCfg = Release|x64
		{A9563062-2CFE-45C4-957A-7BE6030E5FFB}.Release|x64.Build.0 = Release|x64
		{A9563062-2CFE-45C4-957A-7BE6030E5FFB}.Release|x86.ActiveCfg = Release|Win32
		{A9563062-2CFE-45C4-957A-7BE6030E5FFB}.Release|x86.Build.0 = Release|Win32
		{5B2F24E0-74B0-4BBB-87AC-F3AB9E427D9D}.Debug|Any CPU.ActiveCfg = Debug|Win32
		{5B2F24E0-74B0-4BBB-87AC-F3AB9E427D9D}.Debug|x64.ActiveCfg = Debug|x64
		{5B2F24E0-74B0-4BBB-87AC-F3AB9E427D9D}.Debug|x64.Build.0 = Debug|x64
		{5B2F24E0-74B0-4BBB-87AC-F3AB9E427D9D}.Debug|x86.ActiveCfg = Debug|Win32
		{5B2F24E0-74B0-4BBB-87AC-F3AB9E427D9D}.Debug|x86.Build.0 = Debug|Win32
		{5B2F24E0-74B0-4BBB-87AC-F3AB9E427D9D}.Release|Any CPU.ActiveCfg = Release|Win32
		{5B2F24E0-74B0-4BBB-87AC-F3AB9E427D9D}.Release|x64.ActiveCfg = Release|x64
		{5B2F24E0-74B0-4BBB-87AC-F3AB9E427D9D}.Release|x64.Build.0 = Release|x64
		{5B2F24E0-74B0-4BBB-87AC-F3AB9E427D9D}.Release|x86.ActiveCfg = Release|Win32
		{5B2F24E0-74B0-4BBB-87AC-F3AB9E427D9D}.Release|x86.Build.0 = Release|Win32
		{56BC2176-B1B7-419E-8A39-62C7797AB2EA}.Debug|Any CPU.ActiveCfg = Debug|Win32
		{56BC2176-B1B7-419E-8A39-62C7797AB2EA}.Debug|x64.ActiveCfg = Debug|x64
		{56BC2176-B1B7-419E-8A39-62C7797AB2EA}.Debug|x64.Build.0 = Debug|x64
		{56BC2176-B1B7-419E-8A39-62C7797AB2EA}.Debug|x86.ActiveCfg = Debug|Win32
		{56BC2176-B1B7-419E-8A39-62C7797AB2EA}.Debug|x86.Build.0 = Debug|Win32
		{56BC2176-B1B7-419E-8A39-62C7797AB2EA}.Release|Any CPU.ActiveCfg = Release|Win32
		{56BC2176-B1B7-419E-8A39-62C7797AB2EA}.Release|x64.ActiveCfg = Release|x64
		{56BC2176-B1B7-419E-8A39-62C7797AB2EA}.Release|x64.Build.0 = Release|x64
		{56BC2176-B1B7-419E-8A39-62C7797AB2EA}.Release|x86.ActiveCfg = Release|Win32
		{56BC2176-B1B7-419E-8A39-62C7797AB2EA}.Release|x86.Build.0 = Release|Win32
		{8E39BD64-35DF-4675-BE19-3529766EDDBB}.Debug|Any CPU.ActiveCfg = Debug|Win32
		{8E39BD64-35DF-4675-BE19-3529766EDDBB}.Debug|x64.ActiveCfg = Debug|x64
		{8E39BD64-35DF-4675-BE19-3529766EDDBB}.Debug|x64.Build.0 = Debug|x64
		{8E39BD64-35DF-4675-BE19-3529766EDDBB}.Debug|x86.ActiveCfg = Debug|Win32
		{8E39BD64-35DF-4675-BE19-3529766EDDBB}.Debug|x86.Build.0 = Debug|Win32
		{8E39BD64-35DF-4675-BE19-3529766EDDBB}.Release|Any CPU.ActiveCfg = Release|Win32
		{8E39BD64-35DF-4675-BE19-3529766EDDBB}.Release|x64.ActiveCfg = Release|x64
		{8E39BD64-35DF-4675-BE19-3529766EDDBB}.Release|x64.Build.0 = Release|x64
		{8E39BD64-35DF-4675-BE19-3529766EDDBB}.Release|x86.ActiveCfg = Release|Win32
		{8E39BD64-35DF-4675-BE19-3529766EDDBB}.Release|x86.Build.0 = Release|Win32
		{BE0C1EE5-9EDF-42CF-854C-AD0A20FD4BCE}.Debug|Any CPU.ActiveCfg = Debug|Win32
		{BE0C1EE5-9EDF-42CF-854C-AD0A20FD4BCE}.Debug|x64.ActiveCfg = Debug|x64
		{BE0C1EE5-9EDF-42CF-854C-AD0A20FD4BCE}.Debug|x64.Build.0 = Debug|x64
		{BE0C1EE5-9EDF-42CF-854C-AD0A20FD4BCE}.Debug|x86.ActiveCfg = Debug|Win32
		{BE0C1EE5-9EDF-42CF-854C-AD0A20FD4BCE}.Debug|x86.Build.0 = Debug|Win32
		{BE0C1EE5-9EDF-42CF-854C-AD0A20FD4BCE}.Release|Any CPU.ActiveCfg = Release|Win32
		{BE0C1EE5-9EDF-42CF-854C-AD0A20FD4BCE}.Release|x64.ActiveCfg = Release|x64
		{BE0C1EE5-9EDF-42CF-854C-AD0A20FD4BCE}.Release|x64.Build.0 = Release|x64
		{BE0C1EE5-9EDF-42CF-854C-AD0A20FD4BCE}.Release|x86.ActiveCfg = Release|Win32
		{BE0C1EE5-9EDF-42CF-854C-AD0A20FD4BCE}.Release|x86.Build.0 = Release|Win32
		{C4A344C5-999A-4701-8A56-B273B9842D5B}.Debug|Any CPU.ActiveCfg = Debug|Win32
		{C4A344C5-999A-4701-8A56-B273B9842D5B}.Debug|x64.ActiveCfg = Debug|x64
		{C4A344C5-999A-4701-8A56-B273B9842D5B}.Debug|x64.Build.0 = Debug|x64
		{C4A344C5-999A-4701-8A56-B273B9842D5B}.Debug|x86.ActiveCfg = Debug|Win32
		{C4A344C5-999A-4701-8A56-B273B9842D5B}.Debug|x86.Build.0 = Debug|Win32
		{C4A344C5-999A-4701-8A56-B273B9842D5B}.Release|Any CPU.ActiveCfg = Release|Win32
		{C4A344C5-999A-4701-8A56-B273B9842D5B}.Release|x64.ActiveCfg = Release|x64
		{C4A344C5-999A-4701-8A56-B273B9842D5B}.Release|x64.Build.0 = Release|x64
		{C4A344C5-999A-4701-8A56-B273B9842D5B}.Release|x86.ActiveCfg = Release|Win32
		{C4A344C5-999A-4701-8A56-B273B9842D5B}.Release|x86.Build.0 = Release|Win32
		{AAEBA99A-88CF-4F5E-9B39-1ED40EB8BD9A}.Debug|Any CPU.ActiveCfg = Debug|Win32
		{AAEBA99A-88CF-4F5E-9B39-1ED40EB8BD9A}.Debug|x64.ActiveCfg = Debug|x64
		{AAEBA99A-88CF-4F5E-9B39-1ED40EB8BD9A}.Debug|x64.Build.0 = Debug|x64
		{AAEBA99A-88CF-4F5E-9B39-1ED40EB8BD9A}.Debug|x86.ActiveCfg = Debug|Win32
		{AAEBA99A-88CF-4F5E-9B39-1ED40EB8BD9A}.Debug|x86.Build.0 = Debug|Win32
		{AAEBA99A-88CF-4F5E-9B39-1ED40EB8BD9A}.Release|Any CPU.ActiveCfg = Release|Win32
		{AAEBA99A-88CF-4F5E-9B39-1ED40EB8BD9A}.Release|x64.ActiveCfg = Release|x64
		{AAEBA99A-88CF-4F5E-9B39-1ED40EB8BD9A}.Release|x64.Build.0 = Release|x64
		{AAEBA99A-88CF-4F5E-9B39-1ED40EB8BD9A}.Release|x86.ActiveCfg = Release|Win32
		{AAEBA99A-88CF-4F5E-9B39-1ED40EB8BD9A}.Release|x86.Build.0 = Release|Win32
		{F2383213-FECE-4A40-AD13-1B121498642A}.Debug|Any CPU.ActiveCfg = Debug|Win32
		{F2383213-FECE-4A40-AD13-1B121498642A}.Debug|x64.ActiveCfg = Debug|x64
		{F2383213-FECE-4A40-AD13-1B121498642A}.Debug|x64.Build.0 = Debug|x64
		{F2383213-FECE-4A40-AD13-1B121498642A}.Debug|x86.ActiveCfg = Debug|Win32
		{F2383213-FECE-4A40-AD13-1B121498642A}.Debug|x86.Build.0 = Debug|Win32
		{F2383213-FECE-4A40-AD13-1B121498642A}.Release|Any CPU.ActiveCfg = Release|Win32
		{F2383213-FECE-4A40-AD13-1B121498642A}.Release|x64.ActiveCfg = Release|x64
		{F2383213-FECE-4A40-AD13-1B121498642A}.Release|x64.Build.0 = Release|x64
		{F2383213-FECE-4A40-AD13-1B121498642A}.Release|x86.ActiveCfg = Release|Win32
		{F2383213-FECE-4A40-AD13-1B121498642A}.Release|x86.Build.0 = Release|Win32
		{8E24B66B-CC35-4AA2-A37B-4F3530CC9DF6}.Debug|Any CPU.ActiveCfg = Debug|Win32
		{8E24B66B-CC35-4AA2-A37B-4F3530CC9DF6}.Debug|x64.ActiveCfg = Debug|x64
		{8E24B66B-CC35-4AA2-A37B-4F3530CC9DF6}.Debug|x64.Build.0 = Debug|x64
		{8E24B66B-CC35-4AA2-A37B-4F3530CC9DF6}.Debug|x86.ActiveCfg = Debug|Win32
		{8E24B66B-CC35-4AA2-A37B-4F3530CC9DF6}.Debug|x86.Build.0 = Debug|Win32
		{8E24B66B-CC35-4AA2-A37B-4F3530CC9DF6}.Release|Any CPU.ActiveCfg = Release|Win32
		{8E24B66B-CC35-4AA2-A37B-4F3530CC9DF6}.Release|x64.ActiveCfg = Release|x64
		{8E24B66B-CC35-4AA2-A37B-4F3530CC9DF6}.Release|x64.Build.0 = Release|x64
		{8E24B66B-CC35-4AA2-A37B-4F3530CC9DF6}.Release|x86.ActiveCfg = Release|Win32
		{8E24B66B-CC35-4AA2-A37B-4F3530CC9DF6}.Release|x86.Build.0 = Release|Win32
		{A3F5291B-3BBE-4FC5-A2F1-08701E76046B}.Debug|Any CPU.ActiveCfg = Debug|Any CPU
		{A3F5291B-3BBE-4FC5-A2F1-08701E76046B}.Debug|x64.ActiveCfg = Debug|Any CPU
		{A3F5291B-3BBE-4FC5-A2F1-08701E76046B}.Debug|x86.ActiveCfg = Debug|Any CPU
		{A3F5291B-3BBE-4FC5-A2F1-08701E76046B}.Release|Any CPU.ActiveCfg = Release|Any CPU
		{A3F5291B-3BBE-4FC5-A2F1-08701E76046B}.Release|x64.ActiveCfg = Release|Any CPU
		{A3F5291B-3BBE-4FC5-A2F1-08701E76046B}.Release|x86.ActiveCfg = Release|Any CPU
		{741BBC9D-F03F-44F8-802C-DA5DEE10FF49}.Debug|Any CPU.ActiveCfg = Debug|Win32
		{741BBC9D-F03F-44F8-802C-DA5DEE10FF49}.Debug|x64.ActiveCfg = Debug|x64
		{741BBC9D-F03F-44F8-802C-DA5DEE10FF49}.Debug|x64.Build.0 = Debug|x64
		{741BBC9D-F03F-44F8-802C-DA5DEE10FF49}.Debug|x86.ActiveCfg = Debug|Win32
		{741BBC9D-F03F-44F8-802C-DA5DEE10FF49}.Debug|x86.Build.0 = Debug|Win32
		{741BBC9D-F03F-44F8-802C-DA5DEE10FF49}.Release|Any CPU.ActiveCfg = Release|Win32
		{741BBC9D-F03F-44F8-802C-DA5DEE10FF49}.Release|x64.ActiveCfg = Release|x64
		{741BBC9D-F03F-44F8-802C-DA5DEE10FF49}.Release|x64.Build.0 = Release|x64
		{741BBC9D-F03F-44F8-802C-DA5DEE10FF49}.Release|x86.ActiveCfg = Release|Win32
		{741BBC9D-F03F-44F8-802C-DA5DEE10FF49}.Release|x86.Build.0 = Release|Win32
		{88F973A3-BDD9-42C2-9515-9088426BECA9}.Debug|Any CPU.ActiveCfg = Debug|Win32
		{88F973A3-BDD9-42C2-9515-9088426BECA9}.Debug|x64.ActiveCfg = Debug|x64
		{88F973A3-BDD9-42C2-9515-9088426BECA9}.Debug|x64.Build.0 = Debug|x64
		{88F973A3-BDD9-42C2-9515-9088426BECA9}.Debug|x86.ActiveCfg = Debug|Win32
		{88F973A3-BDD9-42C2-9515-9088426BECA9}.Debug|x86.Build.0 = Debug|Win32
		{88F973A3-BDD9-42C2-9515-9088426BECA9}.Release|Any CPU.ActiveCfg = Release|Win32
		{88F973A3-BDD9-42C2-9515-9088426BECA9}.Release|x64.ActiveCfg = Release|x64
		{88F973A3-BDD9-42C2-9515-9088426BECA9}.Release|x64.Build.0 = Release|x64
		{88F973A3-BDD9-42C2-9515-9088426BECA9}.Release|x86.ActiveCfg = Release|Win32
		{88F973A3-BDD9-42C2-9515-9088426BECA9}.Release|x86.Build.0 = Release|Win32
		{223B7C38-7C01-4823-8AFE-6C9C18AD6FCD}.Debug|Any CPU.ActiveCfg = Debug|Win32
		{223B7C38-7C01-4823-8AFE-6C9C18AD6FCD}.Debug|x64.ActiveCfg = Debug|x64
		{223B7C38-7C01-4823-8AFE-6C9C18AD6FCD}.Debug|x64.Build.0 = Debug|x64
		{223B7C38-7C01-4823-8AFE-6C9C18AD6FCD}.Debug|x86.ActiveCfg = Debug|Win32
		{223B7C38-7C01-4823-8AFE-6C9C18AD6FCD}.Debug|x86.Build.0 = Debug|Win32
		{223B7C38-7C01-4823-8AFE-6C9C18AD6FCD}.Release|Any CPU.ActiveCfg = Release|Win32
		{223B7C38-7C01-4823-8AFE-6C9C18AD6FCD}.Release|x64.ActiveCfg = Release|x64
		{223B7C38-7C01-4823-8AFE-6C9C18AD6FCD}.Release|x64.Build.0 = Release|x64
		{223B7C38-7C01-4823-8AFE-6C9C18AD6FCD}.Release|x86.ActiveCfg = Release|Win32
		{223B7C38-7C01-4823-8AFE-6C9C18AD6FCD}.Release|x86.Build.0 = Release|Win32
		{7F9CEC0F-180B-4B93-9EE7-44FA85FB29B3}.Debug|Any CPU.ActiveCfg = Debug|Win32
		{7F9CEC0F-180B-4B93-9EE7-44FA85FB29B3}.Debug|x64.ActiveCfg = Debug|x64
		{7F9CEC0F-180B-4B93-9EE7-44FA85FB29B3}.Debug|x64.Build.0 = Debug|x64
		{7F9CEC0F-180B-4B93-9EE7-44FA85FB29B3}.Debug|x86.ActiveCfg = Debug|Win32
		{7F9CEC0F-180B-4B93-9EE7-44FA85FB29B3}.Debug|x86.Build.0 = Debug|Win32
		{7F9CEC0F-180B-4B93-9EE7-44FA85FB29B3}.Release|Any CPU.ActiveCfg = Release|Win32
		{7F9CEC0F-180B-4B93-9EE7-44FA85FB29B3}.Release|x64.ActiveCfg = Release|x64
		{7F9CEC0F-180B-4B93-9EE7-44FA85FB29B3}.Release|x64.Build.0 = Release|x64
		{7F9CEC0F-180B-4B93-9EE7-44FA85FB29B3}.Release|x86.ActiveCfg = Release|Win32
		{7F9CEC0F-180B-4B93-9EE7-44FA85FB29B3}.Release|x86.Build.0 = Release|Win32
	EndGlobalSection
	GlobalSection(SolutionProperties) = preSolution
		HideSolutionNode = FALSE
	EndGlobalSection
	GlobalSection(ExtensibilityGlobals) = postSolution
		SolutionGuid = {9E0B3055-854E-40EE-8A6C-C7212BF21987}
	EndGlobalSection
EndGlobal
