
Microsoft Visual Studio Solution File, Format Version 12.00
# Visual Studio 15
VisualStudioVersion = 15.0.27130.2020
MinimumVisualStudioVersion = 10.0.40219.1
Project("{8BC9CEB8-8B4A-11D0-8D11-00A0C91BC942}") = "567permutation_in_string", "leetcodeII\leetcodeII.vcxproj", "{35EA98C1-E0AE-4F14-A62F-B3603E596C8C}"
EndProject
Project("{8BC9CEB8-8B4A-11D0-8D11-00A0C91BC942}") = "696count_binary_substrings", "696count_binary_substrings\696count_binary_substrings.vcxproj", "{A51D82B7-9980-42D9-8E7E-B711FFBB4B45}"
EndProject
Project("{8BC9CEB8-8B4A-11D0-8D11-00A0C91BC942}") = "724find_pivot_index", "724find_pivot_index\724find_pivot_index.vcxproj", "{A9563062-2CFE-45C4-957A-7BE6030E5FFB}"
EndProject
Project("{8BC9CEB8-8B4A-11D0-8D11-00A0C91BC942}") = "717a-bit_and_2-bit_characters", "717a-bit_and_2-bit_characters\717a-bit_and_2-bit_characters.vcxproj", "{5B2F24E0-74B0-4BBB-87AC-F3AB9E427D9D}"
EndProject
Project("{8BC9CEB8-8B4A-11D0-8D11-00A0C91BC942}") = "728self_dividing_numbers", "728self_dividing_numbers\728self_dividing_numbers.vcxproj", "{56BC2176-B1B7-419E-8A39-62C7797AB2EA}"
EndProject
Project("{8BC9CEB8-8B4A-11D0-8D11-00A0C91BC942}") = "682baseball_game", "682baseball_game\682baseball_game.vcxproj", "{8E39BD64-35DF-4675-BE19-3529766EDDBB}"
EndProject
Project("{8BC9CEB8-8B4A-11D0-8D11-00A0C91BC942}") = "46permutations", "46permutations\46permutations.vcxproj", "{BE0C1EE5-9EDF-42CF-854C-AD0A20FD4BCE}"
EndProject
Project("{8BC9CEB8-8B4A-11D0-8D11-00A0C91BC942}") = "31next_permutation", "31next_permutation\31next_permutation.vcxproj", "{C4A344C5-999A-4701-8A56-B273B9842D5B}"
EndProject
Project("{8BC9CEB8-8B4A-11D0-8D11-00A0C91BC942}") = "47permutations_II", "47permutations_II\47permutations_II.vcxproj", "{AAEBA99A-88CF-4F5E-9B39-1ED40EB8BD9A}"
EndProject
Project("{8BC9CEB8-8B4A-11D0-8D11-00A0C91BC942}") = "60permutation_sequence", "60permutation_sequence\60permutation_sequence.vcxproj", "{F2383213-FECE-4A40-AD13-1B121498642A}"
EndProject
Project("{8BC9CEB8-8B4A-11D0-8D11-00A0C91BC942}") = "739daily_temperatures", "739daily_temperatures\739daily_temperatures.vcxproj", "{8E24B66B-CC35-4AA2-A37B-4F3530CC9DF6}"
EndProject
Project("{888888A0-9F3D-457C-B088-3A5042F75D52}") = "738monotone_increasing_digits", "738monotone_increasing_digits\738monotone_increasing_digits.pyproj", "{A3F5291B-3BBE-4FC5-A2F1-08701E76046B}"
EndProject
Project("{8BC9CEB8-8B4A-11D0-8D11-00A0C91BC942}") = "744find_smallest_letter_greater_than_target", "744find_smallest_letter_greater_than_target\744find_smallest_letter_greater_than_target.vcxproj", "{741BBC9D-F03F-44F8-802C-DA5DEE10FF49}"
EndProject
Project("{8BC9CEB8-8B4A-11D0-8D11-00A0C91BC942}") = "441arranging_coins", "441arranging_coins\441arranging_coins.vcxproj", "{88F973A3-BDD9-42C2-9515-9088426BECA9}"
EndProject
Project("{8BC9CEB8-8B4A-11D0-8D11-00A0C91BC942}") = "540single_element_in_a_sorted_array", "540single_element_in_a_sorted_array\540single_element_in_a_sorted_array.vcxproj", "{223B7C38-7C01-4823-8AFE-6C9C18AD6FCD}"
EndProject
Project("{8BC9CEB8-8B4A-11D0-8D11-00A0C91BC942}") = "747largest_number_greater_than_twice_of_others", "747largest_number_greater_than_twice_of_others\747largest_number_greater_than_twice_of_others.vcxproj", "{7F9CEC0F-180B-4B93-9EE7-44FA85FB29B3}"
EndProject
Project("{8BC9CEB8-8B4A-11D0-8D11-00A0C91BC942}") = "503next_greater_element_II", "503next_greater_element_II\503next_greater_element_II.vcxproj", "{37128E64-5545-4E00-B29C-6B1F93E2173D}"
EndProject
Project("{8BC9CEB8-8B4A-11D0-8D11-00A0C91BC942}") = "556next_greater_element_III", "556next_greater_element_III\556next_greater_element_III.vcxproj", "{1753BC58-CDC1-4D1E-A0D4-F461B6850B95}"
EndProject
Project("{8BC9CEB8-8B4A-11D0-8D11-00A0C91BC942}") = "443string_compression", "443string_compression\443string_compression.vcxproj", "{F316CAB0-1533-417B-8CD9-DADBB8075899}"
EndProject
Project("{8BC9CEB8-8B4A-11D0-8D11-00A0C91BC942}") = "760find_anagram_mappings", "760find_anagram_mappings\760find_anagram_mappings.vcxproj", "{81AF3AE6-DDAE-4E0B-A51D-C7B7493BDB45}"
EndProject
Project("{8BC9CEB8-8B4A-11D0-8D11-00A0C91BC942}") = "771jewels_and_stones", "771jewels_and_stones\771jewels_and_stones.vcxproj", "{48FA996B-08D4-49F0-AB96-A8D86E4ACAAC}"
EndProject
Project("{8BC9CEB8-8B4A-11D0-8D11-00A0C91BC942}") = "27remove_element", "27remove_element\27remove_element.vcxproj", "{8E85CA96-EF2C-45B1-9ADC-E720B8974359}"
EndProject
Project("{8BC9CEB8-8B4A-11D0-8D11-00A0C91BC942}") = "28implement_strstr()", "28implement_strstr()\28implement_strstr().vcxproj", "{EC10991C-1BC8-4E96-BB66-C58A88667FA9}"
EndProject
Project("{8BC9CEB8-8B4A-11D0-8D11-00A0C91BC942}") = "20valid_parentheses", "20valid_parentheses\20valid_parentheses.vcxproj", "{8F674A44-B338-4C0E-A820-040364136614}"
EndProject
Project("{8BC9CEB8-8B4A-11D0-8D11-00A0C91BC942}") = "33search_in_rotated_sorted_array", "33search_in_rotated_sorted_array\33search_in_rotated_sorted_array.vcxproj", "{D6C43B78-163F-42B3-9430-CDE6566778E1}"
EndProject
Project("{8BC9CEB8-8B4A-11D0-8D11-00A0C91BC942}") = "81search_in_rotated_sorted_array_II", "81search_in_rotated_sorted_array_II\81search_in_rotated_sorted_array_II.vcxproj", "{CB615901-8A38-4AAA-9ADF-13EBBEDCA20C}"
EndProject
Project("{8BC9CEB8-8B4A-11D0-8D11-00A0C91BC942}") = "593valid_square", "593valid_square\593valid_square.vcxproj", "{E6344DB0-D189-4D39-9227-B75940F1EDEA}"
EndProject
Project("{8BC9CEB8-8B4A-11D0-8D11-00A0C91BC942}") = "788rotated_digits", "788rotated_digits\788rotated_digits.vcxproj", "{0C64239A-10E6-4F3B-990B-4430DD25708B}"
EndProject
Project("{8BC9CEB8-8B4A-11D0-8D11-00A0C91BC942}") = "804unique_morse_code_words", "804unique_morse_code_words\804unique_morse_code_words.vcxproj", "{93CD71D1-6FE2-40E4-A697-839F2A757226}"
EndProject
Project("{8BC9CEB8-8B4A-11D0-8D11-00A0C91BC942}") = "806number_of_lines_to_write_string", "806number_of_lines_to_write_string\806number_of_lines_to_write_string.vcxproj", "{EE840C28-AE59-42AE-BB37-2B0319962E1F}"
EndProject
Project("{8BC9CEB8-8B4A-11D0-8D11-00A0C91BC942}") = "779k-th_symbol_in_grammar", "779k-th_symbol_in_grammar\779k-th_symbol_in_grammar.vcxproj", "{8CD42B87-EAA9-4EE0-8A82-1CFEA6C9AEC4}"
EndProject
Project("{8BC9CEB8-8B4A-11D0-8D11-00A0C91BC942}") = "807max_increase_to_keep_city_skyline", "807max_increase_to_keep_city_skyline\807max_increase_to_keep_city_skyline.vcxproj", "{F35EA17D-7EB1-4187-B352-C0E1074742FA}"
EndProject
Project("{8BC9CEB8-8B4A-11D0-8D11-00A0C91BC942}") = "3longest_substring_without_repeating_characters", "3longest_substring_without_repeating_characters\3longest_substring_without_repeating_characters.vcxproj", "{834E2E03-DA0B-449D-A4D4-D024398573B2}"
EndProject
Project("{8BC9CEB8-8B4A-11D0-8D11-00A0C91BC942}") = "821shortest_distance_to_a_character", "821shortest_distance_to_a_character\821shortest_distance_to_a_character.vcxproj", "{03F2B65E-2184-4033-9BF0-3484778BA165}"
EndProject
Project("{888888A0-9F3D-457C-B088-3A5042F75D52}") = "824goat_latin", "824goat_latin\824goat_latin.pyproj", "{6F69D340-BAA7-4A15-8D49-89C844B8CAE3}"
EndProject
Project("{8BC9CEB8-8B4A-11D0-8D11-00A0C91BC942}") = "830positions_of_large_groups", "830positions_of_large_groups\830positions_of_large_groups.vcxproj", "{7BB1A3CB-3F74-446E-9CBB-22AADB53F8CB}"
EndProject
Project("{8BC9CEB8-8B4A-11D0-8D11-00A0C91BC942}") = "832flipping_an_image", "832flipping_an_image\832flipping_an_image.vcxproj", "{6731826B-7F90-40B4-ADF7-95176AE3474A}"
EndProject
Project("{8BC9CEB8-8B4A-11D0-8D11-00A0C91BC942}") = "833find_and_replace_in_string", "833find_and_replace_in_string\833find_and_replace_in_string.vcxproj", "{D2A188B6-8B2D-4C2F-B172-C5F578E85C63}"
EndProject
Project("{888888A0-9F3D-457C-B088-3A5042F75D52}") = "225implement_stack_using_queues", "225implement_stack_using_queues\225implement_stack_using_queues.pyproj", "{184A3241-7DEE-45ED-8840-409C23CC85FD}"
EndProject
Project("{888888A0-9F3D-457C-B088-3A5042F75D52}") = "232implement_queue_using_stacks", "232implement_queue_using_stacks\232implement_queue_using_stacks.pyproj", "{A139CDD7-1360-4128-9848-2076FD875BBE}"
EndProject
Project("{8BC9CEB8-8B4A-11D0-8D11-00A0C91BC942}") = "812largest_triangle_area", "812largest_triangle_area\812largest_triangle_area.vcxproj", "{74CA51AF-0AA2-4215-B7BE-B998A53E4E66}"
EndProject
Project("{8BC9CEB8-8B4A-11D0-8D11-00A0C91BC942}") = "836rectangle_overlap", "836rectangle_overlap\836rectangle_overlap.vcxproj", "{61DF02A0-D2C1-49F6-AA27-1B9AC2E3FD5E}"
EndProject
Project("{8BC9CEB8-8B4A-11D0-8D11-00A0C91BC942}") = "453minimum_moves_to_equal_array_elements", "453minimum_moves_to_equal_array_elements\453minimum_moves_to_equal_array_elements.vcxproj", "{906EE960-8E05-43C7-8A38-69E657E6E3EF}"
EndProject
Project("{8BC9CEB8-8B4A-11D0-8D11-00A0C91BC942}") = "844backspace_string_compare", "844backspace_string_compare\844backspace_string_compare.vcxproj", "{0CD20B32-2BBD-4C51-B3F5-AF4BD611595F}"
EndProject
Project("{8BC9CEB8-8B4A-11D0-8D11-00A0C91BC942}") = "817linked_list_components", "817linked_list_components\817linked_list_components.vcxproj", "{F4CD521D-093F-4AA6-9051-03D98B94F4C6}"
EndProject
Project("{8BC9CEB8-8B4A-11D0-8D11-00A0C91BC942}") = "848shifting_letters", "848shifting_letters\848shifting_letters.vcxproj", "{9B0C4F0C-F28E-4D38-B593-611A186C059A}"
EndProject
Project("{8BC9CEB8-8B4A-11D0-8D11-00A0C91BC942}") = "75sort_colors", "75sort_colors\75sort_colors.vcxproj", "{A024C47C-7296-4296-92B8-FF105BED0257}"
EndProject
Project("{8BC9CEB8-8B4A-11D0-8D11-00A0C91BC942}") = "852peak_index_in_a_mountain_array", "852peak_index_in_a_mountain_array\852peak_index_in_a_mountain_array.vcxproj", "{EB895BEB-3A50-4481-8B41-CE77029D029B}"
EndProject
Project("{8BC9CEB8-8B4A-11D0-8D11-00A0C91BC942}") = "53maximum_subarray", "53maximum_subarray\53maximum_subarray.vcxproj", "{11499855-FADC-4077-A77F-075C8D23BA3E}"
EndProject
Project("{8BC9CEB8-8B4A-11D0-8D11-00A0C91BC942}") = "121best_time_to_buy_and_sell_stock", "121best_time_to_buy_and_sell_stock\121best_time_to_buy_and_sell_stock.vcxproj", "{76EF90C8-6491-4DB5-8873-A079A20C599A}"
EndProject
Project("{8BC9CEB8-8B4A-11D0-8D11-00A0C91BC942}") = "860lemonade_change", "860lemonade_change\860lemonade_change.vcxproj", "{F94CECB2-B36B-4887-A9D6-DB8A61FF809A}"
EndProject
Project("{8BC9CEB8-8B4A-11D0-8D11-00A0C91BC942}") = "859buddy_strings", "859buddy_strings\859buddy_strings.vcxproj", "{66106ACD-C658-4E32-B747-621A7B2818B4}"
EndProject
Project("{8BC9CEB8-8B4A-11D0-8D11-00A0C91BC942}") = "868transpose_matrix", "868transpose_matrix\868transpose_matrix.vcxproj", "{139DC657-ED0F-48E7-9E20-25DC2074C066}"
EndProject
Project("{8BC9CEB8-8B4A-11D0-8D11-00A0C91BC942}") = "762prime_number_of_set_bits_in_binary_representation", "762prime_number_of_set_bits_in_binary_representation\762prime_number_of_set_bits_in_binary_representation.vcxproj", "{B9F641D9-8D66-4E97-A97A-B3FB2267B0F7}"
EndProject
Project("{8BC9CEB8-8B4A-11D0-8D11-00A0C91BC942}") = "868binary_gap", "868binary_gap\868binary_gap.vcxproj", "{2582A4FC-CFC1-4E61-9DD9-F93EFCE55817}"
EndProject
Project("{888888A0-9F3D-457C-B088-3A5042F75D52}") = "869reordered_power_of_2", "869reordered_power_of_2\869reordered_power_of_2.pyproj", "{FAF882B0-3FFD-4540-8D52-FA0A5054BC1F}"
EndProject
Project("{8BC9CEB8-8B4A-11D0-8D11-00A0C91BC942}") = "524longest_word_in_dictionary_through_deleting", "524longest_word_in_dictionary_through_deleting\524longest_word_in_dictionary_through_deleting.vcxproj", "{45201063-4FB0-42B8-AB60-1C786ECF82AE}"
EndProject
Project("{8BC9CEB8-8B4A-11D0-8D11-00A0C91BC942}") = "720longest_word_in_dictionary", "720longest_word_in_dictionary\720longest_word_in_dictionary.vcxproj", "{930FF2C3-86F4-4C4E-961F-EE65A970AF3D}"
EndProject
Project("{8BC9CEB8-8B4A-11D0-8D11-00A0C91BC942}") = "709to_lower_case", "709to_lower_case\709to_lower_case.vcxproj", "{954B0E61-6DFC-41D4-A7EC-6146E05635E7}"
EndProject
Project("{888888A0-9F3D-457C-B088-3A5042F75D52}") = "884uncommon_words_from_two_sentences", "884uncommon_words_from_two_sentences\884uncommon_words_from_two_sentences.pyproj", "{DAF631EE-EAF9-44E5-82D3-C6522689774A}"
EndProject
Global
	GlobalSection(SolutionConfigurationPlatforms) = preSolution
		Debug|Any CPU = Debug|Any CPU
		Debug|x64 = Debug|x64
		Debug|x86 = Debug|x86
		Release|Any CPU = Release|Any CPU
		Release|x64 = Release|x64
		Release|x86 = Release|x86
	EndGlobalSection
	GlobalSection(ProjectConfigurationPlatforms) = postSolution
		{35EA98C1-E0AE-4F14-A62F-B3603E596C8C}.Debug|Any CPU.ActiveCfg = Debug|Win32
		{35EA98C1-E0AE-4F14-A62F-B3603E596C8C}.Debug|x64.ActiveCfg = Debug|x64
		{35EA98C1-E0AE-4F14-A62F-B3603E596C8C}.Debug|x64.Build.0 = Debug|x64
		{35EA98C1-E0AE-4F14-A62F-B3603E596C8C}.Debug|x86.ActiveCfg = Debug|Win32
		{35EA98C1-E0AE-4F14-A62F-B3603E596C8C}.Debug|x86.Build.0 = Debug|Win32
		{35EA98C1-E0AE-4F14-A62F-B3603E596C8C}.Release|Any CPU.ActiveCfg = Release|Win32
		{35EA98C1-E0AE-4F14-A62F-B3603E596C8C}.Release|x64.ActiveCfg = Release|x64
		{35EA98C1-E0AE-4F14-A62F-B3603E596C8C}.Release|x64.Build.0 = Release|x64
		{35EA98C1-E0AE-4F14-A62F-B3603E596C8C}.Release|x86.ActiveCfg = Release|Win32
		{35EA98C1-E0AE-4F14-A62F-B3603E596C8C}.Release|x86.Build.0 = Release|Win32
		{A51D82B7-9980-42D9-8E7E-B711FFBB4B45}.Debug|Any CPU.ActiveCfg = Debug|Win32
		{A51D82B7-9980-42D9-8E7E-B711FFBB4B45}.Debug|x64.ActiveCfg = Debug|x64
		{A51D82B7-9980-42D9-8E7E-B711FFBB4B45}.Debug|x64.Build.0 = Debug|x64
		{A51D82B7-9980-42D9-8E7E-B711FFBB4B45}.Debug|x86.ActiveCfg = Debug|Win32
		{A51D82B7-9980-42D9-8E7E-B711FFBB4B45}.Debug|x86.Build.0 = Debug|Win32
		{A51D82B7-9980-42D9-8E7E-B711FFBB4B45}.Release|Any CPU.ActiveCfg = Release|Win32
		{A51D82B7-9980-42D9-8E7E-B711FFBB4B45}.Release|x64.ActiveCfg = Release|x64
		{A51D82B7-9980-42D9-8E7E-B711FFBB4B45}.Release|x64.Build.0 = Release|x64
		{A51D82B7-9980-42D9-8E7E-B711FFBB4B45}.Release|x86.ActiveCfg = Release|Win32
		{A51D82B7-9980-42D9-8E7E-B711FFBB4B45}.Release|x86.Build.0 = Release|Win32
		{A9563062-2CFE-45C4-957A-7BE6030E5FFB}.Debug|Any CPU.ActiveCfg = Debug|Win32
		{A9563062-2CFE-45C4-957A-7BE6030E5FFB}.Debug|x64.ActiveCfg = Debug|x64
		{A9563062-2CFE-45C4-957A-7BE6030E5FFB}.Debug|x64.Build.0 = Debug|x64
		{A9563062-2CFE-45C4-957A-7BE6030E5FFB}.Debug|x86.ActiveCfg = Debug|Win32
		{A9563062-2CFE-45C4-957A-7BE6030E5FFB}.Debug|x86.Build.0 = Debug|Win32
		{A9563062-2CFE-45C4-957A-7BE6030E5FFB}.Release|Any CPU.ActiveCfg = Release|Win32
		{A9563062-2CFE-45C4-957A-7BE6030E5FFB}.Release|x64.ActiveCfg = Release|x64
		{A9563062-2CFE-45C4-957A-7BE6030E5FFB}.Release|x64.Build.0 = Release|x64
		{A9563062-2CFE-45C4-957A-7BE6030E5FFB}.Release|x86.ActiveCfg = Release|Win32
		{A9563062-2CFE-45C4-957A-7BE6030E5FFB}.Release|x86.Build.0 = Release|Win32
		{5B2F24E0-74B0-4BBB-87AC-F3AB9E427D9D}.Debug|Any CPU.ActiveCfg = Debug|Win32
		{5B2F24E0-74B0-4BBB-87AC-F3AB9E427D9D}.Debug|x64.ActiveCfg = Debug|x64
		{5B2F24E0-74B0-4BBB-87AC-F3AB9E427D9D}.Debug|x64.Build.0 = Debug|x64
		{5B2F24E0-74B0-4BBB-87AC-F3AB9E427D9D}.Debug|x86.ActiveCfg = Debug|Win32
		{5B2F24E0-74B0-4BBB-87AC-F3AB9E427D9D}.Debug|x86.Build.0 = Debug|Win32
		{5B2F24E0-74B0-4BBB-87AC-F3AB9E427D9D}.Release|Any CPU.ActiveCfg = Release|Win32
		{5B2F24E0-74B0-4BBB-87AC-F3AB9E427D9D}.Release|x64.ActiveCfg = Release|x64
		{5B2F24E0-74B0-4BBB-87AC-F3AB9E427D9D}.Release|x64.Build.0 = Release|x64
		{5B2F24E0-74B0-4BBB-87AC-F3AB9E427D9D}.Release|x86.ActiveCfg = Release|Win32
		{5B2F24E0-74B0-4BBB-87AC-F3AB9E427D9D}.Release|x86.Build.0 = Release|Win32
		{56BC2176-B1B7-419E-8A39-62C7797AB2EA}.Debug|Any CPU.ActiveCfg = Debug|Win32
		{56BC2176-B1B7-419E-8A39-62C7797AB2EA}.Debug|x64.ActiveCfg = Debug|x64
		{56BC2176-B1B7-419E-8A39-62C7797AB2EA}.Debug|x64.Build.0 = Debug|x64
		{56BC2176-B1B7-419E-8A39-62C7797AB2EA}.Debug|x86.ActiveCfg = Debug|Win32
		{56BC2176-B1B7-419E-8A39-62C7797AB2EA}.Debug|x86.Build.0 = Debug|Win32
		{56BC2176-B1B7-419E-8A39-62C7797AB2EA}.Release|Any CPU.ActiveCfg = Release|Win32
		{56BC2176-B1B7-419E-8A39-62C7797AB2EA}.Release|x64.ActiveCfg = Release|x64
		{56BC2176-B1B7-419E-8A39-62C7797AB2EA}.Release|x64.Build.0 = Release|x64
		{56BC2176-B1B7-419E-8A39-62C7797AB2EA}.Release|x86.ActiveCfg = Release|Win32
		{56BC2176-B1B7-419E-8A39-62C7797AB2EA}.Release|x86.Build.0 = Release|Win32
		{8E39BD64-35DF-4675-BE19-3529766EDDBB}.Debug|Any CPU.ActiveCfg = Debug|Win32
		{8E39BD64-35DF-4675-BE19-3529766EDDBB}.Debug|x64.ActiveCfg = Debug|x64
		{8E39BD64-35DF-4675-BE19-3529766EDDBB}.Debug|x64.Build.0 = Debug|x64
		{8E39BD64-35DF-4675-BE19-3529766EDDBB}.Debug|x86.ActiveCfg = Debug|Win32
		{8E39BD64-35DF-4675-BE19-3529766EDDBB}.Debug|x86.Build.0 = Debug|Win32
		{8E39BD64-35DF-4675-BE19-3529766EDDBB}.Release|Any CPU.ActiveCfg = Release|Win32
		{8E39BD64-35DF-4675-BE19-3529766EDDBB}.Release|x64.ActiveCfg = Release|x64
		{8E39BD64-35DF-4675-BE19-3529766EDDBB}.Release|x64.Build.0 = Release|x64
		{8E39BD64-35DF-4675-BE19-3529766EDDBB}.Release|x86.ActiveCfg = Release|Win32
		{8E39BD64-35DF-4675-BE19-3529766EDDBB}.Release|x86.Build.0 = Release|Win32
		{BE0C1EE5-9EDF-42CF-854C-AD0A20FD4BCE}.Debug|Any CPU.ActiveCfg = Debug|Win32
		{BE0C1EE5-9EDF-42CF-854C-AD0A20FD4BCE}.Debug|x64.ActiveCfg = Debug|x64
		{BE0C1EE5-9EDF-42CF-854C-AD0A20FD4BCE}.Debug|x64.Build.0 = Debug|x64
		{BE0C1EE5-9EDF-42CF-854C-AD0A20FD4BCE}.Debug|x86.ActiveCfg = Debug|Win32
		{BE0C1EE5-9EDF-42CF-854C-AD0A20FD4BCE}.Debug|x86.Build.0 = Debug|Win32
		{BE0C1EE5-9EDF-42CF-854C-AD0A20FD4BCE}.Release|Any CPU.ActiveCfg = Release|Win32
		{BE0C1EE5-9EDF-42CF-854C-AD0A20FD4BCE}.Release|x64.ActiveCfg = Release|x64
		{BE0C1EE5-9EDF-42CF-854C-AD0A20FD4BCE}.Release|x64.Build.0 = Release|x64
		{BE0C1EE5-9EDF-42CF-854C-AD0A20FD4BCE}.Release|x86.ActiveCfg = Release|Win32
		{BE0C1EE5-9EDF-42CF-854C-AD0A20FD4BCE}.Release|x86.Build.0 = Release|Win32
		{C4A344C5-999A-4701-8A56-B273B9842D5B}.Debug|Any CPU.ActiveCfg = Debug|Win32
		{C4A344C5-999A-4701-8A56-B273B9842D5B}.Debug|x64.ActiveCfg = Debug|x64
		{C4A344C5-999A-4701-8A56-B273B9842D5B}.Debug|x64.Build.0 = Debug|x64
		{C4A344C5-999A-4701-8A56-B273B9842D5B}.Debug|x86.ActiveCfg = Debug|Win32
		{C4A344C5-999A-4701-8A56-B273B9842D5B}.Debug|x86.Build.0 = Debug|Win32
		{C4A344C5-999A-4701-8A56-B273B9842D5B}.Release|Any CPU.ActiveCfg = Release|Win32
		{C4A344C5-999A-4701-8A56-B273B9842D5B}.Release|x64.ActiveCfg = Release|x64
		{C4A344C5-999A-4701-8A56-B273B9842D5B}.Release|x64.Build.0 = Release|x64
		{C4A344C5-999A-4701-8A56-B273B9842D5B}.Release|x86.ActiveCfg = Release|Win32
		{C4A344C5-999A-4701-8A56-B273B9842D5B}.Release|x86.Build.0 = Release|Win32
		{AAEBA99A-88CF-4F5E-9B39-1ED40EB8BD9A}.Debug|Any CPU.ActiveCfg = Debug|Win32
		{AAEBA99A-88CF-4F5E-9B39-1ED40EB8BD9A}.Debug|x64.ActiveCfg = Debug|x64
		{AAEBA99A-88CF-4F5E-9B39-1ED40EB8BD9A}.Debug|x64.Build.0 = Debug|x64
		{AAEBA99A-88CF-4F5E-9B39-1ED40EB8BD9A}.Debug|x86.ActiveCfg = Debug|Win32
		{AAEBA99A-88CF-4F5E-9B39-1ED40EB8BD9A}.Debug|x86.Build.0 = Debug|Win32
		{AAEBA99A-88CF-4F5E-9B39-1ED40EB8BD9A}.Release|Any CPU.ActiveCfg = Release|Win32
		{AAEBA99A-88CF-4F5E-9B39-1ED40EB8BD9A}.Release|x64.ActiveCfg = Release|x64
		{AAEBA99A-88CF-4F5E-9B39-1ED40EB8BD9A}.Release|x64.Build.0 = Release|x64
		{AAEBA99A-88CF-4F5E-9B39-1ED40EB8BD9A}.Release|x86.ActiveCfg = Release|Win32
		{AAEBA99A-88CF-4F5E-9B39-1ED40EB8BD9A}.Release|x86.Build.0 = Release|Win32
		{F2383213-FECE-4A40-AD13-1B121498642A}.Debug|Any CPU.ActiveCfg = Debug|Win32
		{F2383213-FECE-4A40-AD13-1B121498642A}.Debug|x64.ActiveCfg = Debug|x64
		{F2383213-FECE-4A40-AD13-1B121498642A}.Debug|x64.Build.0 = Debug|x64
		{F2383213-FECE-4A40-AD13-1B121498642A}.Debug|x86.ActiveCfg = Debug|Win32
		{F2383213-FECE-4A40-AD13-1B121498642A}.Debug|x86.Build.0 = Debug|Win32
		{F2383213-FECE-4A40-AD13-1B121498642A}.Release|Any CPU.ActiveCfg = Release|Win32
		{F2383213-FECE-4A40-AD13-1B121498642A}.Release|x64.ActiveCfg = Release|x64
		{F2383213-FECE-4A40-AD13-1B121498642A}.Release|x64.Build.0 = Release|x64
		{F2383213-FECE-4A40-AD13-1B121498642A}.Release|x86.ActiveCfg = Release|Win32
		{F2383213-FECE-4A40-AD13-1B121498642A}.Release|x86.Build.0 = Release|Win32
		{8E24B66B-CC35-4AA2-A37B-4F3530CC9DF6}.Debug|Any CPU.ActiveCfg = Debug|Win32
		{8E24B66B-CC35-4AA2-A37B-4F3530CC9DF6}.Debug|x64.ActiveCfg = Debug|x64
		{8E24B66B-CC35-4AA2-A37B-4F3530CC9DF6}.Debug|x64.Build.0 = Debug|x64
		{8E24B66B-CC35-4AA2-A37B-4F3530CC9DF6}.Debug|x86.ActiveCfg = Debug|Win32
		{8E24B66B-CC35-4AA2-A37B-4F3530CC9DF6}.Debug|x86.Build.0 = Debug|Win32
		{8E24B66B-CC35-4AA2-A37B-4F3530CC9DF6}.Release|Any CPU.ActiveCfg = Release|Win32
		{8E24B66B-CC35-4AA2-A37B-4F3530CC9DF6}.Release|x64.ActiveCfg = Release|x64
		{8E24B66B-CC35-4AA2-A37B-4F3530CC9DF6}.Release|x64.Build.0 = Release|x64
		{8E24B66B-CC35-4AA2-A37B-4F3530CC9DF6}.Release|x86.ActiveCfg = Release|Win32
		{8E24B66B-CC35-4AA2-A37B-4F3530CC9DF6}.Release|x86.Build.0 = Release|Win32
		{A3F5291B-3BBE-4FC5-A2F1-08701E76046B}.Debug|Any CPU.ActiveCfg = Debug|Any CPU
		{A3F5291B-3BBE-4FC5-A2F1-08701E76046B}.Debug|x64.ActiveCfg = Debug|Any CPU
		{A3F5291B-3BBE-4FC5-A2F1-08701E76046B}.Debug|x86.ActiveCfg = Debug|Any CPU
		{A3F5291B-3BBE-4FC5-A2F1-08701E76046B}.Release|Any CPU.ActiveCfg = Release|Any CPU
		{A3F5291B-3BBE-4FC5-A2F1-08701E76046B}.Release|x64.ActiveCfg = Release|Any CPU
		{A3F5291B-3BBE-4FC5-A2F1-08701E76046B}.Release|x86.ActiveCfg = Release|Any CPU
		{741BBC9D-F03F-44F8-802C-DA5DEE10FF49}.Debug|Any CPU.ActiveCfg = Debug|Win32
		{741BBC9D-F03F-44F8-802C-DA5DEE10FF49}.Debug|x64.ActiveCfg = Debug|x64
		{741BBC9D-F03F-44F8-802C-DA5DEE10FF49}.Debug|x64.Build.0 = Debug|x64
		{741BBC9D-F03F-44F8-802C-DA5DEE10FF49}.Debug|x86.ActiveCfg = Debug|Win32
		{741BBC9D-F03F-44F8-802C-DA5DEE10FF49}.Debug|x86.Build.0 = Debug|Win32
		{741BBC9D-F03F-44F8-802C-DA5DEE10FF49}.Release|Any CPU.ActiveCfg = Release|Win32
		{741BBC9D-F03F-44F8-802C-DA5DEE10FF49}.Release|x64.ActiveCfg = Release|x64
		{741BBC9D-F03F-44F8-802C-DA5DEE10FF49}.Release|x64.Build.0 = Release|x64
		{741BBC9D-F03F-44F8-802C-DA5DEE10FF49}.Release|x86.ActiveCfg = Release|Win32
		{741BBC9D-F03F-44F8-802C-DA5DEE10FF49}.Release|x86.Build.0 = Release|Win32
		{88F973A3-BDD9-42C2-9515-9088426BECA9}.Debug|Any CPU.ActiveCfg = Debug|Win32
		{88F973A3-BDD9-42C2-9515-9088426BECA9}.Debug|x64.ActiveCfg = Debug|x64
		{88F973A3-BDD9-42C2-9515-9088426BECA9}.Debug|x64.Build.0 = Debug|x64
		{88F973A3-BDD9-42C2-9515-9088426BECA9}.Debug|x86.ActiveCfg = Debug|Win32
		{88F973A3-BDD9-42C2-9515-9088426BECA9}.Debug|x86.Build.0 = Debug|Win32
		{88F973A3-BDD9-42C2-9515-9088426BECA9}.Release|Any CPU.ActiveCfg = Release|Win32
		{88F973A3-BDD9-42C2-9515-9088426BECA9}.Release|x64.ActiveCfg = Release|x64
		{88F973A3-BDD9-42C2-9515-9088426BECA9}.Release|x64.Build.0 = Release|x64
		{88F973A3-BDD9-42C2-9515-9088426BECA9}.Release|x86.ActiveCfg = Release|Win32
		{88F973A3-BDD9-42C2-9515-9088426BECA9}.Release|x86.Build.0 = Release|Win32
		{223B7C38-7C01-4823-8AFE-6C9C18AD6FCD}.Debug|Any CPU.ActiveCfg = Debug|Win32
		{223B7C38-7C01-4823-8AFE-6C9C18AD6FCD}.Debug|x64.ActiveCfg = Debug|x64
		{223B7C38-7C01-4823-8AFE-6C9C18AD6FCD}.Debug|x64.Build.0 = Debug|x64
		{223B7C38-7C01-4823-8AFE-6C9C18AD6FCD}.Debug|x86.ActiveCfg = Debug|Win32
		{223B7C38-7C01-4823-8AFE-6C9C18AD6FCD}.Debug|x86.Build.0 = Debug|Win32
		{223B7C38-7C01-4823-8AFE-6C9C18AD6FCD}.Release|Any CPU.ActiveCfg = Release|Win32
		{223B7C38-7C01-4823-8AFE-6C9C18AD6FCD}.Release|x64.ActiveCfg = Release|x64
		{223B7C38-7C01-4823-8AFE-6C9C18AD6FCD}.Release|x64.Build.0 = Release|x64
		{223B7C38-7C01-4823-8AFE-6C9C18AD6FCD}.Release|x86.ActiveCfg = Release|Win32
		{223B7C38-7C01-4823-8AFE-6C9C18AD6FCD}.Release|x86.Build.0 = Release|Win32
		{7F9CEC0F-180B-4B93-9EE7-44FA85FB29B3}.Debug|Any CPU.ActiveCfg = Debug|Win32
		{7F9CEC0F-180B-4B93-9EE7-44FA85FB29B3}.Debug|x64.ActiveCfg = Debug|x64
		{7F9CEC0F-180B-4B93-9EE7-44FA85FB29B3}.Debug|x64.Build.0 = Debug|x64
		{7F9CEC0F-180B-4B93-9EE7-44FA85FB29B3}.Debug|x86.ActiveCfg = Debug|Win32
		{7F9CEC0F-180B-4B93-9EE7-44FA85FB29B3}.Debug|x86.Build.0 = Debug|Win32
		{7F9CEC0F-180B-4B93-9EE7-44FA85FB29B3}.Release|Any CPU.ActiveCfg = Release|Win32
		{7F9CEC0F-180B-4B93-9EE7-44FA85FB29B3}.Release|x64.ActiveCfg = Release|x64
		{7F9CEC0F-180B-4B93-9EE7-44FA85FB29B3}.Release|x64.Build.0 = Release|x64
		{7F9CEC0F-180B-4B93-9EE7-44FA85FB29B3}.Release|x86.ActiveCfg = Release|Win32
		{7F9CEC0F-180B-4B93-9EE7-44FA85FB29B3}.Release|x86.Build.0 = Release|Win32
		{37128E64-5545-4E00-B29C-6B1F93E2173D}.Debug|Any CPU.ActiveCfg = Debug|Win32
		{37128E64-5545-4E00-B29C-6B1F93E2173D}.Debug|x64.ActiveCfg = Debug|x64
		{37128E64-5545-4E00-B29C-6B1F93E2173D}.Debug|x64.Build.0 = Debug|x64
		{37128E64-5545-4E00-B29C-6B1F93E2173D}.Debug|x86.ActiveCfg = Debug|Win32
		{37128E64-5545-4E00-B29C-6B1F93E2173D}.Debug|x86.Build.0 = Debug|Win32
		{37128E64-5545-4E00-B29C-6B1F93E2173D}.Release|Any CPU.ActiveCfg = Release|Win32
		{37128E64-5545-4E00-B29C-6B1F93E2173D}.Release|x64.ActiveCfg = Release|x64
		{37128E64-5545-4E00-B29C-6B1F93E2173D}.Release|x64.Build.0 = Release|x64
		{37128E64-5545-4E00-B29C-6B1F93E2173D}.Release|x86.ActiveCfg = Release|Win32
		{37128E64-5545-4E00-B29C-6B1F93E2173D}.Release|x86.Build.0 = Release|Win32
		{1753BC58-CDC1-4D1E-A0D4-F461B6850B95}.Debug|Any CPU.ActiveCfg = Debug|Win32
		{1753BC58-CDC1-4D1E-A0D4-F461B6850B95}.Debug|x64.ActiveCfg = Debug|x64
		{1753BC58-CDC1-4D1E-A0D4-F461B6850B95}.Debug|x64.Build.0 = Debug|x64
		{1753BC58-CDC1-4D1E-A0D4-F461B6850B95}.Debug|x86.ActiveCfg = Debug|Win32
		{1753BC58-CDC1-4D1E-A0D4-F461B6850B95}.Debug|x86.Build.0 = Debug|Win32
		{1753BC58-CDC1-4D1E-A0D4-F461B6850B95}.Release|Any CPU.ActiveCfg = Release|Win32
		{1753BC58-CDC1-4D1E-A0D4-F461B6850B95}.Release|x64.ActiveCfg = Release|x64
		{1753BC58-CDC1-4D1E-A0D4-F461B6850B95}.Release|x64.Build.0 = Release|x64
		{1753BC58-CDC1-4D1E-A0D4-F461B6850B95}.Release|x86.ActiveCfg = Release|Win32
		{1753BC58-CDC1-4D1E-A0D4-F461B6850B95}.Release|x86.Build.0 = Release|Win32
		{F316CAB0-1533-417B-8CD9-DADBB8075899}.Debug|Any CPU.ActiveCfg = Debug|Win32
		{F316CAB0-1533-417B-8CD9-DADBB8075899}.Debug|x64.ActiveCfg = Debug|x64
		{F316CAB0-1533-417B-8CD9-DADBB8075899}.Debug|x64.Build.0 = Debug|x64
		{F316CAB0-1533-417B-8CD9-DADBB8075899}.Debug|x86.ActiveCfg = Debug|Win32
		{F316CAB0-1533-417B-8CD9-DADBB8075899}.Debug|x86.Build.0 = Debug|Win32
		{F316CAB0-1533-417B-8CD9-DADBB8075899}.Release|Any CPU.ActiveCfg = Release|Win32
		{F316CAB0-1533-417B-8CD9-DADBB8075899}.Release|x64.ActiveCfg = Release|x64
		{F316CAB0-1533-417B-8CD9-DADBB8075899}.Release|x64.Build.0 = Release|x64
		{F316CAB0-1533-417B-8CD9-DADBB8075899}.Release|x86.ActiveCfg = Release|Win32
		{F316CAB0-1533-417B-8CD9-DADBB8075899}.Release|x86.Build.0 = Release|Win32
		{81AF3AE6-DDAE-4E0B-A51D-C7B7493BDB45}.Debug|Any CPU.ActiveCfg = Debug|Win32
		{81AF3AE6-DDAE-4E0B-A51D-C7B7493BDB45}.Debug|x64.ActiveCfg = Debug|x64
		{81AF3AE6-DDAE-4E0B-A51D-C7B7493BDB45}.Debug|x64.Build.0 = Debug|x64
		{81AF3AE6-DDAE-4E0B-A51D-C7B7493BDB45}.Debug|x86.ActiveCfg = Debug|Win32
		{81AF3AE6-DDAE-4E0B-A51D-C7B7493BDB45}.Debug|x86.Build.0 = Debug|Win32
		{81AF3AE6-DDAE-4E0B-A51D-C7B7493BDB45}.Release|Any CPU.ActiveCfg = Release|Win32
		{81AF3AE6-DDAE-4E0B-A51D-C7B7493BDB45}.Release|x64.ActiveCfg = Release|x64
		{81AF3AE6-DDAE-4E0B-A51D-C7B7493BDB45}.Release|x64.Build.0 = Release|x64
		{81AF3AE6-DDAE-4E0B-A51D-C7B7493BDB45}.Release|x86.ActiveCfg = Release|Win32
		{81AF3AE6-DDAE-4E0B-A51D-C7B7493BDB45}.Release|x86.Build.0 = Release|Win32
		{48FA996B-08D4-49F0-AB96-A8D86E4ACAAC}.Debug|Any CPU.ActiveCfg = Debug|Win32
		{48FA996B-08D4-49F0-AB96-A8D86E4ACAAC}.Debug|x64.ActiveCfg = Debug|x64
		{48FA996B-08D4-49F0-AB96-A8D86E4ACAAC}.Debug|x64.Build.0 = Debug|x64
		{48FA996B-08D4-49F0-AB96-A8D86E4ACAAC}.Debug|x86.ActiveCfg = Debug|Win32
		{48FA996B-08D4-49F0-AB96-A8D86E4ACAAC}.Debug|x86.Build.0 = Debug|Win32
		{48FA996B-08D4-49F0-AB96-A8D86E4ACAAC}.Release|Any CPU.ActiveCfg = Release|Win32
		{48FA996B-08D4-49F0-AB96-A8D86E4ACAAC}.Release|x64.ActiveCfg = Release|x64
		{48FA996B-08D4-49F0-AB96-A8D86E4ACAAC}.Release|x64.Build.0 = Release|x64
		{48FA996B-08D4-49F0-AB96-A8D86E4ACAAC}.Release|x86.ActiveCfg = Release|Win32
		{48FA996B-08D4-49F0-AB96-A8D86E4ACAAC}.Release|x86.Build.0 = Release|Win32
		{8E85CA96-EF2C-45B1-9ADC-E720B8974359}.Debug|Any CPU.ActiveCfg = Debug|Win32
		{8E85CA96-EF2C-45B1-9ADC-E720B8974359}.Debug|x64.ActiveCfg = Debug|x64
		{8E85CA96-EF2C-45B1-9ADC-E720B8974359}.Debug|x64.Build.0 = Debug|x64
		{8E85CA96-EF2C-45B1-9ADC-E720B8974359}.Debug|x86.ActiveCfg = Debug|Win32
		{8E85CA96-EF2C-45B1-9ADC-E720B8974359}.Debug|x86.Build.0 = Debug|Win32
		{8E85CA96-EF2C-45B1-9ADC-E720B8974359}.Release|Any CPU.ActiveCfg = Release|Win32
		{8E85CA96-EF2C-45B1-9ADC-E720B8974359}.Release|x64.ActiveCfg = Release|x64
		{8E85CA96-EF2C-45B1-9ADC-E720B8974359}.Release|x64.Build.0 = Release|x64
		{8E85CA96-EF2C-45B1-9ADC-E720B8974359}.Release|x86.ActiveCfg = Release|Win32
		{8E85CA96-EF2C-45B1-9ADC-E720B8974359}.Release|x86.Build.0 = Release|Win32
		{EC10991C-1BC8-4E96-BB66-C58A88667FA9}.Debug|Any CPU.ActiveCfg = Debug|Win32
		{EC10991C-1BC8-4E96-BB66-C58A88667FA9}.Debug|x64.ActiveCfg = Debug|x64
		{EC10991C-1BC8-4E96-BB66-C58A88667FA9}.Debug|x64.Build.0 = Debug|x64
		{EC10991C-1BC8-4E96-BB66-C58A88667FA9}.Debug|x86.ActiveCfg = Debug|Win32
		{EC10991C-1BC8-4E96-BB66-C58A88667FA9}.Debug|x86.Build.0 = Debug|Win32
		{EC10991C-1BC8-4E96-BB66-C58A88667FA9}.Release|Any CPU.ActiveCfg = Release|Win32
		{EC10991C-1BC8-4E96-BB66-C58A88667FA9}.Release|x64.ActiveCfg = Release|x64
		{EC10991C-1BC8-4E96-BB66-C58A88667FA9}.Release|x64.Build.0 = Release|x64
		{EC10991C-1BC8-4E96-BB66-C58A88667FA9}.Release|x86.ActiveCfg = Release|Win32
		{EC10991C-1BC8-4E96-BB66-C58A88667FA9}.Release|x86.Build.0 = Release|Win32
		{8F674A44-B338-4C0E-A820-040364136614}.Debug|Any CPU.ActiveCfg = Debug|Win32
		{8F674A44-B338-4C0E-A820-040364136614}.Debug|x64.ActiveCfg = Debug|x64
		{8F674A44-B338-4C0E-A820-040364136614}.Debug|x64.Build.0 = Debug|x64
		{8F674A44-B338-4C0E-A820-040364136614}.Debug|x86.ActiveCfg = Debug|Win32
		{8F674A44-B338-4C0E-A820-040364136614}.Debug|x86.Build.0 = Debug|Win32
		{8F674A44-B338-4C0E-A820-040364136614}.Release|Any CPU.ActiveCfg = Release|Win32
		{8F674A44-B338-4C0E-A820-040364136614}.Release|x64.ActiveCfg = Release|x64
		{8F674A44-B338-4C0E-A820-040364136614}.Release|x64.Build.0 = Release|x64
		{8F674A44-B338-4C0E-A820-040364136614}.Release|x86.ActiveCfg = Release|Win32
		{8F674A44-B338-4C0E-A820-040364136614}.Release|x86.Build.0 = Release|Win32
		{D6C43B78-163F-42B3-9430-CDE6566778E1}.Debug|Any CPU.ActiveCfg = Debug|Win32
		{D6C43B78-163F-42B3-9430-CDE6566778E1}.Debug|x64.ActiveCfg = Debug|x64
		{D6C43B78-163F-42B3-9430-CDE6566778E1}.Debug|x64.Build.0 = Debug|x64
		{D6C43B78-163F-42B3-9430-CDE6566778E1}.Debug|x86.ActiveCfg = Debug|Win32
		{D6C43B78-163F-42B3-9430-CDE6566778E1}.Debug|x86.Build.0 = Debug|Win32
		{D6C43B78-163F-42B3-9430-CDE6566778E1}.Release|Any CPU.ActiveCfg = Release|Win32
		{D6C43B78-163F-42B3-9430-CDE6566778E1}.Release|x64.ActiveCfg = Release|x64
		{D6C43B78-163F-42B3-9430-CDE6566778E1}.Release|x64.Build.0 = Release|x64
		{D6C43B78-163F-42B3-9430-CDE6566778E1}.Release|x86.ActiveCfg = Release|Win32
		{D6C43B78-163F-42B3-9430-CDE6566778E1}.Release|x86.Build.0 = Release|Win32
		{CB615901-8A38-4AAA-9ADF-13EBBEDCA20C}.Debug|Any CPU.ActiveCfg = Debug|Win32
		{CB615901-8A38-4AAA-9ADF-13EBBEDCA20C}.Debug|x64.ActiveCfg = Debug|x64
		{CB615901-8A38-4AAA-9ADF-13EBBEDCA20C}.Debug|x64.Build.0 = Debug|x64
		{CB615901-8A38-4AAA-9ADF-13EBBEDCA20C}.Debug|x86.ActiveCfg = Debug|Win32
		{CB615901-8A38-4AAA-9ADF-13EBBEDCA20C}.Debug|x86.Build.0 = Debug|Win32
		{CB615901-8A38-4AAA-9ADF-13EBBEDCA20C}.Release|Any CPU.ActiveCfg = Release|Win32
		{CB615901-8A38-4AAA-9ADF-13EBBEDCA20C}.Release|x64.ActiveCfg = Release|x64
		{CB615901-8A38-4AAA-9ADF-13EBBEDCA20C}.Release|x64.Build.0 = Release|x64
		{CB615901-8A38-4AAA-9ADF-13EBBEDCA20C}.Release|x86.ActiveCfg = Release|Win32
		{CB615901-8A38-4AAA-9ADF-13EBBEDCA20C}.Release|x86.Build.0 = Release|Win32
		{E6344DB0-D189-4D39-9227-B75940F1EDEA}.Debug|Any CPU.ActiveCfg = Debug|Win32
		{E6344DB0-D189-4D39-9227-B75940F1EDEA}.Debug|x64.ActiveCfg = Debug|x64
		{E6344DB0-D189-4D39-9227-B75940F1EDEA}.Debug|x64.Build.0 = Debug|x64
		{E6344DB0-D189-4D39-9227-B75940F1EDEA}.Debug|x86.ActiveCfg = Debug|Win32
		{E6344DB0-D189-4D39-9227-B75940F1EDEA}.Debug|x86.Build.0 = Debug|Win32
		{E6344DB0-D189-4D39-9227-B75940F1EDEA}.Release|Any CPU.ActiveCfg = Release|Win32
		{E6344DB0-D189-4D39-9227-B75940F1EDEA}.Release|x64.ActiveCfg = Release|x64
		{E6344DB0-D189-4D39-9227-B75940F1EDEA}.Release|x64.Build.0 = Release|x64
		{E6344DB0-D189-4D39-9227-B75940F1EDEA}.Release|x86.ActiveCfg = Release|Win32
		{E6344DB0-D189-4D39-9227-B75940F1EDEA}.Release|x86.Build.0 = Release|Win32
		{0C64239A-10E6-4F3B-990B-4430DD25708B}.Debug|Any CPU.ActiveCfg = Debug|Win32
		{0C64239A-10E6-4F3B-990B-4430DD25708B}.Debug|x64.ActiveCfg = Debug|x64
		{0C64239A-10E6-4F3B-990B-4430DD25708B}.Debug|x64.Build.0 = Debug|x64
		{0C64239A-10E6-4F3B-990B-4430DD25708B}.Debug|x86.ActiveCfg = Debug|Win32
		{0C64239A-10E6-4F3B-990B-4430DD25708B}.Debug|x86.Build.0 = Debug|Win32
		{0C64239A-10E6-4F3B-990B-4430DD25708B}.Release|Any CPU.ActiveCfg = Release|Win32
		{0C64239A-10E6-4F3B-990B-4430DD25708B}.Release|x64.ActiveCfg = Release|x64
		{0C64239A-10E6-4F3B-990B-4430DD25708B}.Release|x64.Build.0 = Release|x64
		{0C64239A-10E6-4F3B-990B-4430DD25708B}.Release|x86.ActiveCfg = Release|Win32
		{0C64239A-10E6-4F3B-990B-4430DD25708B}.Release|x86.Build.0 = Release|Win32
		{93CD71D1-6FE2-40E4-A697-839F2A757226}.Debug|Any CPU.ActiveCfg = Debug|Win32
		{93CD71D1-6FE2-40E4-A697-839F2A757226}.Debug|x64.ActiveCfg = Debug|x64
		{93CD71D1-6FE2-40E4-A697-839F2A757226}.Debug|x64.Build.0 = Debug|x64
		{93CD71D1-6FE2-40E4-A697-839F2A757226}.Debug|x86.ActiveCfg = Debug|Win32
		{93CD71D1-6FE2-40E4-A697-839F2A757226}.Debug|x86.Build.0 = Debug|Win32
		{93CD71D1-6FE2-40E4-A697-839F2A757226}.Release|Any CPU.ActiveCfg = Release|Win32
		{93CD71D1-6FE2-40E4-A697-839F2A757226}.Release|x64.ActiveCfg = Release|x64
		{93CD71D1-6FE2-40E4-A697-839F2A757226}.Release|x64.Build.0 = Release|x64
		{93CD71D1-6FE2-40E4-A697-839F2A757226}.Release|x86.ActiveCfg = Release|Win32
		{93CD71D1-6FE2-40E4-A697-839F2A757226}.Release|x86.Build.0 = Release|Win32
		{EE840C28-AE59-42AE-BB37-2B0319962E1F}.Debug|Any CPU.ActiveCfg = Debug|Win32
		{EE840C28-AE59-42AE-BB37-2B0319962E1F}.Debug|x64.ActiveCfg = Debug|x64
		{EE840C28-AE59-42AE-BB37-2B0319962E1F}.Debug|x64.Build.0 = Debug|x64
		{EE840C28-AE59-42AE-BB37-2B0319962E1F}.Debug|x86.ActiveCfg = Debug|Win32
		{EE840C28-AE59-42AE-BB37-2B0319962E1F}.Debug|x86.Build.0 = Debug|Win32
		{EE840C28-AE59-42AE-BB37-2B0319962E1F}.Release|Any CPU.ActiveCfg = Release|Win32
		{EE840C28-AE59-42AE-BB37-2B0319962E1F}.Release|x64.ActiveCfg = Release|x64
		{EE840C28-AE59-42AE-BB37-2B0319962E1F}.Release|x64.Build.0 = Release|x64
		{EE840C28-AE59-42AE-BB37-2B0319962E1F}.Release|x86.ActiveCfg = Release|Win32
		{EE840C28-AE59-42AE-BB37-2B0319962E1F}.Release|x86.Build.0 = Release|Win32
		{8CD42B87-EAA9-4EE0-8A82-1CFEA6C9AEC4}.Debug|Any CPU.ActiveCfg = Debug|Win32
		{8CD42B87-EAA9-4EE0-8A82-1CFEA6C9AEC4}.Debug|x64.ActiveCfg = Debug|x64
		{8CD42B87-EAA9-4EE0-8A82-1CFEA6C9AEC4}.Debug|x64.Build.0 = Debug|x64
		{8CD42B87-EAA9-4EE0-8A82-1CFEA6C9AEC4}.Debug|x86.ActiveCfg = Debug|Win32
		{8CD42B87-EAA9-4EE0-8A82-1CFEA6C9AEC4}.Debug|x86.Build.0 = Debug|Win32
		{8CD42B87-EAA9-4EE0-8A82-1CFEA6C9AEC4}.Release|Any CPU.ActiveCfg = Release|Win32
		{8CD42B87-EAA9-4EE0-8A82-1CFEA6C9AEC4}.Release|x64.ActiveCfg = Release|x64
		{8CD42B87-EAA9-4EE0-8A82-1CFEA6C9AEC4}.Release|x64.Build.0 = Release|x64
		{8CD42B87-EAA9-4EE0-8A82-1CFEA6C9AEC4}.Release|x86.ActiveCfg = Release|Win32
		{8CD42B87-EAA9-4EE0-8A82-1CFEA6C9AEC4}.Release|x86.Build.0 = Release|Win32
		{F35EA17D-7EB1-4187-B352-C0E1074742FA}.Debug|Any CPU.ActiveCfg = Debug|Win32
		{F35EA17D-7EB1-4187-B352-C0E1074742FA}.Debug|x64.ActiveCfg = Debug|x64
		{F35EA17D-7EB1-4187-B352-C0E1074742FA}.Debug|x64.Build.0 = Debug|x64
		{F35EA17D-7EB1-4187-B352-C0E1074742FA}.Debug|x86.ActiveCfg = Debug|Win32
		{F35EA17D-7EB1-4187-B352-C0E1074742FA}.Debug|x86.Build.0 = Debug|Win32
		{F35EA17D-7EB1-4187-B352-C0E1074742FA}.Release|Any CPU.ActiveCfg = Release|Win32
		{F35EA17D-7EB1-4187-B352-C0E1074742FA}.Release|x64.ActiveCfg = Release|x64
		{F35EA17D-7EB1-4187-B352-C0E1074742FA}.Release|x64.Build.0 = Release|x64
		{F35EA17D-7EB1-4187-B352-C0E1074742FA}.Release|x86.ActiveCfg = Release|Win32
		{F35EA17D-7EB1-4187-B352-C0E1074742FA}.Release|x86.Build.0 = Release|Win32
		{834E2E03-DA0B-449D-A4D4-D024398573B2}.Debug|Any CPU.ActiveCfg = Debug|Win32
		{834E2E03-DA0B-449D-A4D4-D024398573B2}.Debug|x64.ActiveCfg = Debug|x64
		{834E2E03-DA0B-449D-A4D4-D024398573B2}.Debug|x64.Build.0 = Debug|x64
		{834E2E03-DA0B-449D-A4D4-D024398573B2}.Debug|x86.ActiveCfg = Debug|Win32
		{834E2E03-DA0B-449D-A4D4-D024398573B2}.Debug|x86.Build.0 = Debug|Win32
		{834E2E03-DA0B-449D-A4D4-D024398573B2}.Release|Any CPU.ActiveCfg = Release|Win32
		{834E2E03-DA0B-449D-A4D4-D024398573B2}.Release|x64.ActiveCfg = Release|x64
		{834E2E03-DA0B-449D-A4D4-D024398573B2}.Release|x64.Build.0 = Release|x64
		{834E2E03-DA0B-449D-A4D4-D024398573B2}.Release|x86.ActiveCfg = Release|Win32
		{834E2E03-DA0B-449D-A4D4-D024398573B2}.Release|x86.Build.0 = Release|Win32
		{03F2B65E-2184-4033-9BF0-3484778BA165}.Debug|Any CPU.ActiveCfg = Debug|Win32
		{03F2B65E-2184-4033-9BF0-3484778BA165}.Debug|x64.ActiveCfg = Debug|x64
		{03F2B65E-2184-4033-9BF0-3484778BA165}.Debug|x64.Build.0 = Debug|x64
		{03F2B65E-2184-4033-9BF0-3484778BA165}.Debug|x86.ActiveCfg = Debug|Win32
		{03F2B65E-2184-4033-9BF0-3484778BA165}.Debug|x86.Build.0 = Debug|Win32
		{03F2B65E-2184-4033-9BF0-3484778BA165}.Release|Any CPU.ActiveCfg = Release|Win32
		{03F2B65E-2184-4033-9BF0-3484778BA165}.Release|x64.ActiveCfg = Release|x64
		{03F2B65E-2184-4033-9BF0-3484778BA165}.Release|x64.Build.0 = Release|x64
		{03F2B65E-2184-4033-9BF0-3484778BA165}.Release|x86.ActiveCfg = Release|Win32
		{03F2B65E-2184-4033-9BF0-3484778BA165}.Release|x86.Build.0 = Release|Win32
		{6F69D340-BAA7-4A15-8D49-89C844B8CAE3}.Debug|Any CPU.ActiveCfg = Debug|Any CPU
		{6F69D340-BAA7-4A15-8D49-89C844B8CAE3}.Debug|x64.ActiveCfg = Debug|Any CPU
		{6F69D340-BAA7-4A15-8D49-89C844B8CAE3}.Debug|x86.ActiveCfg = Debug|Any CPU
		{6F69D340-BAA7-4A15-8D49-89C844B8CAE3}.Release|Any CPU.ActiveCfg = Release|Any CPU
		{6F69D340-BAA7-4A15-8D49-89C844B8CAE3}.Release|x64.ActiveCfg = Release|Any CPU
		{6F69D340-BAA7-4A15-8D49-89C844B8CAE3}.Release|x86.ActiveCfg = Release|Any CPU
		{7BB1A3CB-3F74-446E-9CBB-22AADB53F8CB}.Debug|Any CPU.ActiveCfg = Debug|Win32
		{7BB1A3CB-3F74-446E-9CBB-22AADB53F8CB}.Debug|x64.ActiveCfg = Debug|x64
		{7BB1A3CB-3F74-446E-9CBB-22AADB53F8CB}.Debug|x64.Build.0 = Debug|x64
		{7BB1A3CB-3F74-446E-9CBB-22AADB53F8CB}.Debug|x86.ActiveCfg = Debug|Win32
		{7BB1A3CB-3F74-446E-9CBB-22AADB53F8CB}.Debug|x86.Build.0 = Debug|Win32
		{7BB1A3CB-3F74-446E-9CBB-22AADB53F8CB}.Release|Any CPU.ActiveCfg = Release|Win32
		{7BB1A3CB-3F74-446E-9CBB-22AADB53F8CB}.Release|x64.ActiveCfg = Release|x64
		{7BB1A3CB-3F74-446E-9CBB-22AADB53F8CB}.Release|x64.Build.0 = Release|x64
		{7BB1A3CB-3F74-446E-9CBB-22AADB53F8CB}.Release|x86.ActiveCfg = Release|Win32
		{7BB1A3CB-3F74-446E-9CBB-22AADB53F8CB}.Release|x86.Build.0 = Release|Win32
		{6731826B-7F90-40B4-ADF7-95176AE3474A}.Debug|Any CPU.ActiveCfg = Debug|Win32
		{6731826B-7F90-40B4-ADF7-95176AE3474A}.Debug|x64.ActiveCfg = Debug|x64
		{6731826B-7F90-40B4-ADF7-95176AE3474A}.Debug|x64.Build.0 = Debug|x64
		{6731826B-7F90-40B4-ADF7-95176AE3474A}.Debug|x86.ActiveCfg = Debug|Win32
		{6731826B-7F90-40B4-ADF7-95176AE3474A}.Debug|x86.Build.0 = Debug|Win32
		{6731826B-7F90-40B4-ADF7-95176AE3474A}.Release|Any CPU.ActiveCfg = Release|Win32
		{6731826B-7F90-40B4-ADF7-95176AE3474A}.Release|x64.ActiveCfg = Release|x64
		{6731826B-7F90-40B4-ADF7-95176AE3474A}.Release|x64.Build.0 = Release|x64
		{6731826B-7F90-40B4-ADF7-95176AE3474A}.Release|x86.ActiveCfg = Release|Win32
		{6731826B-7F90-40B4-ADF7-95176AE3474A}.Release|x86.Build.0 = Release|Win32
		{D2A188B6-8B2D-4C2F-B172-C5F578E85C63}.Debug|Any CPU.ActiveCfg = Debug|Win32
		{D2A188B6-8B2D-4C2F-B172-C5F578E85C63}.Debug|x64.ActiveCfg = Debug|x64
		{D2A188B6-8B2D-4C2F-B172-C5F578E85C63}.Debug|x64.Build.0 = Debug|x64
		{D2A188B6-8B2D-4C2F-B172-C5F578E85C63}.Debug|x86.ActiveCfg = Debug|Win32
		{D2A188B6-8B2D-4C2F-B172-C5F578E85C63}.Debug|x86.Build.0 = Debug|Win32
		{D2A188B6-8B2D-4C2F-B172-C5F578E85C63}.Release|Any CPU.ActiveCfg = Release|Win32
		{D2A188B6-8B2D-4C2F-B172-C5F578E85C63}.Release|x64.ActiveCfg = Release|x64
		{D2A188B6-8B2D-4C2F-B172-C5F578E85C63}.Release|x64.Build.0 = Release|x64
		{D2A188B6-8B2D-4C2F-B172-C5F578E85C63}.Release|x86.ActiveCfg = Release|Win32
		{D2A188B6-8B2D-4C2F-B172-C5F578E85C63}.Release|x86.Build.0 = Release|Win32
		{184A3241-7DEE-45ED-8840-409C23CC85FD}.Debug|Any CPU.ActiveCfg = Debug|Any CPU
		{184A3241-7DEE-45ED-8840-409C23CC85FD}.Debug|x64.ActiveCfg = Debug|Any CPU
		{184A3241-7DEE-45ED-8840-409C23CC85FD}.Debug|x86.ActiveCfg = Debug|Any CPU
		{184A3241-7DEE-45ED-8840-409C23CC85FD}.Release|Any CPU.ActiveCfg = Release|Any CPU
		{184A3241-7DEE-45ED-8840-409C23CC85FD}.Release|x64.ActiveCfg = Release|Any CPU
		{184A3241-7DEE-45ED-8840-409C23CC85FD}.Release|x86.ActiveCfg = Release|Any CPU
		{A139CDD7-1360-4128-9848-2076FD875BBE}.Debug|Any CPU.ActiveCfg = Debug|Any CPU
		{A139CDD7-1360-4128-9848-2076FD875BBE}.Debug|x64.ActiveCfg = Debug|Any CPU
		{A139CDD7-1360-4128-9848-2076FD875BBE}.Debug|x86.ActiveCfg = Debug|Any CPU
		{A139CDD7-1360-4128-9848-2076FD875BBE}.Release|Any CPU.ActiveCfg = Release|Any CPU
		{A139CDD7-1360-4128-9848-2076FD875BBE}.Release|x64.ActiveCfg = Release|Any CPU
		{A139CDD7-1360-4128-9848-2076FD875BBE}.Release|x86.ActiveCfg = Release|Any CPU
		{74CA51AF-0AA2-4215-B7BE-B998A53E4E66}.Debug|Any CPU.ActiveCfg = Debug|Win32
		{74CA51AF-0AA2-4215-B7BE-B998A53E4E66}.Debug|x64.ActiveCfg = Debug|x64
		{74CA51AF-0AA2-4215-B7BE-B998A53E4E66}.Debug|x64.Build.0 = Debug|x64
		{74CA51AF-0AA2-4215-B7BE-B998A53E4E66}.Debug|x86.ActiveCfg = Debug|Win32
		{74CA51AF-0AA2-4215-B7BE-B998A53E4E66}.Debug|x86.Build.0 = Debug|Win32
		{74CA51AF-0AA2-4215-B7BE-B998A53E4E66}.Release|Any CPU.ActiveCfg = Release|Win32
		{74CA51AF-0AA2-4215-B7BE-B998A53E4E66}.Release|x64.ActiveCfg = Release|x64
		{74CA51AF-0AA2-4215-B7BE-B998A53E4E66}.Release|x64.Build.0 = Release|x64
		{74CA51AF-0AA2-4215-B7BE-B998A53E4E66}.Release|x86.ActiveCfg = Release|Win32
		{74CA51AF-0AA2-4215-B7BE-B998A53E4E66}.Release|x86.Build.0 = Release|Win32
		{61DF02A0-D2C1-49F6-AA27-1B9AC2E3FD5E}.Debug|Any CPU.ActiveCfg = Debug|Win32
		{61DF02A0-D2C1-49F6-AA27-1B9AC2E3FD5E}.Debug|x64.ActiveCfg = Debug|x64
		{61DF02A0-D2C1-49F6-AA27-1B9AC2E3FD5E}.Debug|x64.Build.0 = Debug|x64
		{61DF02A0-D2C1-49F6-AA27-1B9AC2E3FD5E}.Debug|x86.ActiveCfg = Debug|Win32
		{61DF02A0-D2C1-49F6-AA27-1B9AC2E3FD5E}.Debug|x86.Build.0 = Debug|Win32
		{61DF02A0-D2C1-49F6-AA27-1B9AC2E3FD5E}.Release|Any CPU.ActiveCfg = Release|Win32
		{61DF02A0-D2C1-49F6-AA27-1B9AC2E3FD5E}.Release|x64.ActiveCfg = Release|x64
		{61DF02A0-D2C1-49F6-AA27-1B9AC2E3FD5E}.Release|x64.Build.0 = Release|x64
		{61DF02A0-D2C1-49F6-AA27-1B9AC2E3FD5E}.Release|x86.ActiveCfg = Release|Win32
		{61DF02A0-D2C1-49F6-AA27-1B9AC2E3FD5E}.Release|x86.Build.0 = Release|Win32
		{906EE960-8E05-43C7-8A38-69E657E6E3EF}.Debug|Any CPU.ActiveCfg = Debug|Win32
		{906EE960-8E05-43C7-8A38-69E657E6E3EF}.Debug|x64.ActiveCfg = Debug|x64
		{906EE960-8E05-43C7-8A38-69E657E6E3EF}.Debug|x64.Build.0 = Debug|x64
		{906EE960-8E05-43C7-8A38-69E657E6E3EF}.Debug|x86.ActiveCfg = Debug|Win32
		{906EE960-8E05-43C7-8A38-69E657E6E3EF}.Debug|x86.Build.0 = Debug|Win32
		{906EE960-8E05-43C7-8A38-69E657E6E3EF}.Release|Any CPU.ActiveCfg = Release|Win32
		{906EE960-8E05-43C7-8A38-69E657E6E3EF}.Release|x64.ActiveCfg = Release|x64
		{906EE960-8E05-43C7-8A38-69E657E6E3EF}.Release|x64.Build.0 = Release|x64
		{906EE960-8E05-43C7-8A38-69E657E6E3EF}.Release|x86.ActiveCfg = Release|Win32
		{906EE960-8E05-43C7-8A38-69E657E6E3EF}.Release|x86.Build.0 = Release|Win32
		{0CD20B32-2BBD-4C51-B3F5-AF4BD611595F}.Debug|Any CPU.ActiveCfg = Debug|Win32
		{0CD20B32-2BBD-4C51-B3F5-AF4BD611595F}.Debug|x64.ActiveCfg = Debug|x64
		{0CD20B32-2BBD-4C51-B3F5-AF4BD611595F}.Debug|x64.Build.0 = Debug|x64
		{0CD20B32-2BBD-4C51-B3F5-AF4BD611595F}.Debug|x86.ActiveCfg = Debug|Win32
		{0CD20B32-2BBD-4C51-B3F5-AF4BD611595F}.Debug|x86.Build.0 = Debug|Win32
		{0CD20B32-2BBD-4C51-B3F5-AF4BD611595F}.Release|Any CPU.ActiveCfg = Release|Win32
		{0CD20B32-2BBD-4C51-B3F5-AF4BD611595F}.Release|x64.ActiveCfg = Release|x64
		{0CD20B32-2BBD-4C51-B3F5-AF4BD611595F}.Release|x64.Build.0 = Release|x64
		{0CD20B32-2BBD-4C51-B3F5-AF4BD611595F}.Release|x86.ActiveCfg = Release|Win32
		{0CD20B32-2BBD-4C51-B3F5-AF4BD611595F}.Release|x86.Build.0 = Release|Win32
		{F4CD521D-093F-4AA6-9051-03D98B94F4C6}.Debug|Any CPU.ActiveCfg = Debug|Win32
		{F4CD521D-093F-4AA6-9051-03D98B94F4C6}.Debug|x64.ActiveCfg = Debug|x64
		{F4CD521D-093F-4AA6-9051-03D98B94F4C6}.Debug|x64.Build.0 = Debug|x64
		{F4CD521D-093F-4AA6-9051-03D98B94F4C6}.Debug|x86.ActiveCfg = Debug|Win32
		{F4CD521D-093F-4AA6-9051-03D98B94F4C6}.Debug|x86.Build.0 = Debug|Win32
		{F4CD521D-093F-4AA6-9051-03D98B94F4C6}.Release|Any CPU.ActiveCfg = Release|Win32
		{F4CD521D-093F-4AA6-9051-03D98B94F4C6}.Release|x64.ActiveCfg = Release|x64
		{F4CD521D-093F-4AA6-9051-03D98B94F4C6}.Release|x64.Build.0 = Release|x64
		{F4CD521D-093F-4AA6-9051-03D98B94F4C6}.Release|x86.ActiveCfg = Release|Win32
		{F4CD521D-093F-4AA6-9051-03D98B94F4C6}.Release|x86.Build.0 = Release|Win32
		{9B0C4F0C-F28E-4D38-B593-611A186C059A}.Debug|Any CPU.ActiveCfg = Debug|Win32
		{9B0C4F0C-F28E-4D38-B593-611A186C059A}.Debug|x64.ActiveCfg = Debug|x64
		{9B0C4F0C-F28E-4D38-B593-611A186C059A}.Debug|x64.Build.0 = Debug|x64
		{9B0C4F0C-F28E-4D38-B593-611A186C059A}.Debug|x86.ActiveCfg = Debug|Win32
		{9B0C4F0C-F28E-4D38-B593-611A186C059A}.Debug|x86.Build.0 = Debug|Win32
		{9B0C4F0C-F28E-4D38-B593-611A186C059A}.Release|Any CPU.ActiveCfg = Release|Win32
		{9B0C4F0C-F28E-4D38-B593-611A186C059A}.Release|x64.ActiveCfg = Release|x64
		{9B0C4F0C-F28E-4D38-B593-611A186C059A}.Release|x64.Build.0 = Release|x64
		{9B0C4F0C-F28E-4D38-B593-611A186C059A}.Release|x86.ActiveCfg = Release|Win32
		{9B0C4F0C-F28E-4D38-B593-611A186C059A}.Release|x86.Build.0 = Release|Win32
		{A024C47C-7296-4296-92B8-FF105BED0257}.Debug|Any CPU.ActiveCfg = Debug|Win32
		{A024C47C-7296-4296-92B8-FF105BED0257}.Debug|x64.ActiveCfg = Debug|x64
		{A024C47C-7296-4296-92B8-FF105BED0257}.Debug|x64.Build.0 = Debug|x64
		{A024C47C-7296-4296-92B8-FF105BED0257}.Debug|x86.ActiveCfg = Debug|Win32
		{A024C47C-7296-4296-92B8-FF105BED0257}.Debug|x86.Build.0 = Debug|Win32
		{A024C47C-7296-4296-92B8-FF105BED0257}.Release|Any CPU.ActiveCfg = Release|Win32
		{A024C47C-7296-4296-92B8-FF105BED0257}.Release|x64.ActiveCfg = Release|x64
		{A024C47C-7296-4296-92B8-FF105BED0257}.Release|x64.Build.0 = Release|x64
		{A024C47C-7296-4296-92B8-FF105BED0257}.Release|x86.ActiveCfg = Release|Win32
		{A024C47C-7296-4296-92B8-FF105BED0257}.Release|x86.Build.0 = Release|Win32
		{EB895BEB-3A50-4481-8B41-CE77029D029B}.Debug|Any CPU.ActiveCfg = Debug|Win32
		{EB895BEB-3A50-4481-8B41-CE77029D029B}.Debug|x64.ActiveCfg = Debug|x64
		{EB895BEB-3A50-4481-8B41-CE77029D029B}.Debug|x64.Build.0 = Debug|x64
		{EB895BEB-3A50-4481-8B41-CE77029D029B}.Debug|x86.ActiveCfg = Debug|Win32
		{EB895BEB-3A50-4481-8B41-CE77029D029B}.Debug|x86.Build.0 = Debug|Win32
		{EB895BEB-3A50-4481-8B41-CE77029D029B}.Release|Any CPU.ActiveCfg = Release|Win32
		{EB895BEB-3A50-4481-8B41-CE77029D029B}.Release|x64.ActiveCfg = Release|x64
		{EB895BEB-3A50-4481-8B41-CE77029D029B}.Release|x64.Build.0 = Release|x64
		{EB895BEB-3A50-4481-8B41-CE77029D029B}.Release|x86.ActiveCfg = Release|Win32
		{EB895BEB-3A50-4481-8B41-CE77029D029B}.Release|x86.Build.0 = Release|Win32
		{11499855-FADC-4077-A77F-075C8D23BA3E}.Debug|Any CPU.ActiveCfg = Debug|Win32
		{11499855-FADC-4077-A77F-075C8D23BA3E}.Debug|x64.ActiveCfg = Debug|x64
		{11499855-FADC-4077-A77F-075C8D23BA3E}.Debug|x64.Build.0 = Debug|x64
		{11499855-FADC-4077-A77F-075C8D23BA3E}.Debug|x86.ActiveCfg = Debug|Win32
		{11499855-FADC-4077-A77F-075C8D23BA3E}.Debug|x86.Build.0 = Debug|Win32
		{11499855-FADC-4077-A77F-075C8D23BA3E}.Release|Any CPU.ActiveCfg = Release|Win32
		{11499855-FADC-4077-A77F-075C8D23BA3E}.Release|x64.ActiveCfg = Release|x64
		{11499855-FADC-4077-A77F-075C8D23BA3E}.Release|x64.Build.0 = Release|x64
		{11499855-FADC-4077-A77F-075C8D23BA3E}.Release|x86.ActiveCfg = Release|Win32
		{11499855-FADC-4077-A77F-075C8D23BA3E}.Release|x86.Build.0 = Release|Win32
		{76EF90C8-6491-4DB5-8873-A079A20C599A}.Debug|Any CPU.ActiveCfg = Debug|Win32
		{76EF90C8-6491-4DB5-8873-A079A20C599A}.Debug|x64.ActiveCfg = Debug|x64
		{76EF90C8-6491-4DB5-8873-A079A20C599A}.Debug|x64.Build.0 = Debug|x64
		{76EF90C8-6491-4DB5-8873-A079A20C599A}.Debug|x86.ActiveCfg = Debug|Win32
		{76EF90C8-6491-4DB5-8873-A079A20C599A}.Debug|x86.Build.0 = Debug|Win32
		{76EF90C8-6491-4DB5-8873-A079A20C599A}.Release|Any CPU.ActiveCfg = Release|Win32
		{76EF90C8-6491-4DB5-8873-A079A20C599A}.Release|x64.ActiveCfg = Release|x64
		{76EF90C8-6491-4DB5-8873-A079A20C599A}.Release|x64.Build.0 = Release|x64
		{76EF90C8-6491-4DB5-8873-A079A20C599A}.Release|x86.ActiveCfg = Release|Win32
		{76EF90C8-6491-4DB5-8873-A079A20C599A}.Release|x86.Build.0 = Release|Win32
		{F94CECB2-B36B-4887-A9D6-DB8A61FF809A}.Debug|Any CPU.ActiveCfg = Debug|Win32
		{F94CECB2-B36B-4887-A9D6-DB8A61FF809A}.Debug|x64.ActiveCfg = Debug|x64
		{F94CECB2-B36B-4887-A9D6-DB8A61FF809A}.Debug|x64.Build.0 = Debug|x64
		{F94CECB2-B36B-4887-A9D6-DB8A61FF809A}.Debug|x86.ActiveCfg = Debug|Win32
		{F94CECB2-B36B-4887-A9D6-DB8A61FF809A}.Debug|x86.Build.0 = Debug|Win32
		{F94CECB2-B36B-4887-A9D6-DB8A61FF809A}.Release|Any CPU.ActiveCfg = Release|Win32
		{F94CECB2-B36B-4887-A9D6-DB8A61FF809A}.Release|x64.ActiveCfg = Release|x64
		{F94CECB2-B36B-4887-A9D6-DB8A61FF809A}.Release|x64.Build.0 = Release|x64
		{F94CECB2-B36B-4887-A9D6-DB8A61FF809A}.Release|x86.ActiveCfg = Release|Win32
		{F94CECB2-B36B-4887-A9D6-DB8A61FF809A}.Release|x86.Build.0 = Release|Win32
		{66106ACD-C658-4E32-B747-621A7B2818B4}.Debug|Any CPU.ActiveCfg = Debug|Win32
		{66106ACD-C658-4E32-B747-621A7B2818B4}.Debug|x64.ActiveCfg = Debug|x64
		{66106ACD-C658-4E32-B747-621A7B2818B4}.Debug|x64.Build.0 = Debug|x64
		{66106ACD-C658-4E32-B747-621A7B2818B4}.Debug|x86.ActiveCfg = Debug|Win32
		{66106ACD-C658-4E32-B747-621A7B2818B4}.Debug|x86.Build.0 = Debug|Win32
		{66106ACD-C658-4E32-B747-621A7B2818B4}.Release|Any CPU.ActiveCfg = Release|Win32
		{66106ACD-C658-4E32-B747-621A7B2818B4}.Release|x64.ActiveCfg = Release|x64
		{66106ACD-C658-4E32-B747-621A7B2818B4}.Release|x64.Build.0 = Release|x64
		{66106ACD-C658-4E32-B747-621A7B2818B4}.Release|x86.ActiveCfg = Release|Win32
		{66106ACD-C658-4E32-B747-621A7B2818B4}.Release|x86.Build.0 = Release|Win32
		{139DC657-ED0F-48E7-9E20-25DC2074C066}.Debug|Any CPU.ActiveCfg = Debug|Win32
		{139DC657-ED0F-48E7-9E20-25DC2074C066}.Debug|x64.ActiveCfg = Debug|x64
		{139DC657-ED0F-48E7-9E20-25DC2074C066}.Debug|x64.Build.0 = Debug|x64
		{139DC657-ED0F-48E7-9E20-25DC2074C066}.Debug|x86.ActiveCfg = Debug|Win32
		{139DC657-ED0F-48E7-9E20-25DC2074C066}.Debug|x86.Build.0 = Debug|Win32
		{139DC657-ED0F-48E7-9E20-25DC2074C066}.Release|Any CPU.ActiveCfg = Release|Win32
		{139DC657-ED0F-48E7-9E20-25DC2074C066}.Release|x64.ActiveCfg = Release|x64
		{139DC657-ED0F-48E7-9E20-25DC2074C066}.Release|x64.Build.0 = Release|x64
		{139DC657-ED0F-48E7-9E20-25DC2074C066}.Release|x86.ActiveCfg = Release|Win32
		{139DC657-ED0F-48E7-9E20-25DC2074C066}.Release|x86.Build.0 = Release|Win32
		{B9F641D9-8D66-4E97-A97A-B3FB2267B0F7}.Debug|Any CPU.ActiveCfg = Debug|Win32
		{B9F641D9-8D66-4E97-A97A-B3FB2267B0F7}.Debug|x64.ActiveCfg = Debug|x64
		{B9F641D9-8D66-4E97-A97A-B3FB2267B0F7}.Debug|x64.Build.0 = Debug|x64
		{B9F641D9-8D66-4E97-A97A-B3FB2267B0F7}.Debug|x86.ActiveCfg = Debug|Win32
		{B9F641D9-8D66-4E97-A97A-B3FB2267B0F7}.Debug|x86.Build.0 = Debug|Win32
		{B9F641D9-8D66-4E97-A97A-B3FB2267B0F7}.Release|Any CPU.ActiveCfg = Release|Win32
		{B9F641D9-8D66-4E97-A97A-B3FB2267B0F7}.Release|x64.ActiveCfg = Release|x64
		{B9F641D9-8D66-4E97-A97A-B3FB2267B0F7}.Release|x64.Build.0 = Release|x64
		{B9F641D9-8D66-4E97-A97A-B3FB2267B0F7}.Release|x86.ActiveCfg = Release|Win32
		{B9F641D9-8D66-4E97-A97A-B3FB2267B0F7}.Release|x86.Build.0 = Release|Win32
		{2582A4FC-CFC1-4E61-9DD9-F93EFCE55817}.Debug|Any CPU.ActiveCfg = Debug|Win32
		{2582A4FC-CFC1-4E61-9DD9-F93EFCE55817}.Debug|x64.ActiveCfg = Debug|x64
		{2582A4FC-CFC1-4E61-9DD9-F93EFCE55817}.Debug|x64.Build.0 = Debug|x64
		{2582A4FC-CFC1-4E61-9DD9-F93EFCE55817}.Debug|x86.ActiveCfg = Debug|Win32
		{2582A4FC-CFC1-4E61-9DD9-F93EFCE55817}.Debug|x86.Build.0 = Debug|Win32
		{2582A4FC-CFC1-4E61-9DD9-F93EFCE55817}.Release|Any CPU.ActiveCfg = Release|Win32
		{2582A4FC-CFC1-4E61-9DD9-F93EFCE55817}.Release|x64.ActiveCfg = Release|x64
		{2582A4FC-CFC1-4E61-9DD9-F93EFCE55817}.Release|x64.Build.0 = Release|x64
		{2582A4FC-CFC1-4E61-9DD9-F93EFCE55817}.Release|x86.ActiveCfg = Release|Win32
		{2582A4FC-CFC1-4E61-9DD9-F93EFCE55817}.Release|x86.Build.0 = Release|Win32
		{FAF882B0-3FFD-4540-8D52-FA0A5054BC1F}.Debug|Any CPU.ActiveCfg = Debug|Any CPU
		{FAF882B0-3FFD-4540-8D52-FA0A5054BC1F}.Debug|x64.ActiveCfg = Debug|Any CPU
		{FAF882B0-3FFD-4540-8D52-FA0A5054BC1F}.Debug|x86.ActiveCfg = Debug|Any CPU
		{FAF882B0-3FFD-4540-8D52-FA0A5054BC1F}.Release|Any CPU.ActiveCfg = Release|Any CPU
		{FAF882B0-3FFD-4540-8D52-FA0A5054BC1F}.Release|x64.ActiveCfg = Release|Any CPU
		{FAF882B0-3FFD-4540-8D52-FA0A5054BC1F}.Release|x86.ActiveCfg = Release|Any CPU
		{45201063-4FB0-42B8-AB60-1C786ECF82AE}.Debug|Any CPU.ActiveCfg = Debug|Win32
		{45201063-4FB0-42B8-AB60-1C786ECF82AE}.Debug|x64.ActiveCfg = Debug|x64
		{45201063-4FB0-42B8-AB60-1C786ECF82AE}.Debug|x64.Build.0 = Debug|x64
		{45201063-4FB0-42B8-AB60-1C786ECF82AE}.Debug|x86.ActiveCfg = Debug|Win32
		{45201063-4FB0-42B8-AB60-1C786ECF82AE}.Debug|x86.Build.0 = Debug|Win32
		{45201063-4FB0-42B8-AB60-1C786ECF82AE}.Release|Any CPU.ActiveCfg = Release|Win32
		{45201063-4FB0-42B8-AB60-1C786ECF82AE}.Release|x64.ActiveCfg = Release|x64
		{45201063-4FB0-42B8-AB60-1C786ECF82AE}.Release|x64.Build.0 = Release|x64
		{45201063-4FB0-42B8-AB60-1C786ECF82AE}.Release|x86.ActiveCfg = Release|Win32
		{45201063-4FB0-42B8-AB60-1C786ECF82AE}.Release|x86.Build.0 = Release|Win32
		{930FF2C3-86F4-4C4E-961F-EE65A970AF3D}.Debug|Any CPU.ActiveCfg = Debug|Win32
		{930FF2C3-86F4-4C4E-961F-EE65A970AF3D}.Debug|x64.ActiveCfg = Debug|x64
		{930FF2C3-86F4-4C4E-961F-EE65A970AF3D}.Debug|x64.Build.0 = Debug|x64
		{930FF2C3-86F4-4C4E-961F-EE65A970AF3D}.Debug|x86.ActiveCfg = Debug|Win32
		{930FF2C3-86F4-4C4E-961F-EE65A970AF3D}.Debug|x86.Build.0 = Debug|Win32
		{930FF2C3-86F4-4C4E-961F-EE65A970AF3D}.Release|Any CPU.ActiveCfg = Release|Win32
		{930FF2C3-86F4-4C4E-961F-EE65A970AF3D}.Release|x64.ActiveCfg = Release|x64
		{930FF2C3-86F4-4C4E-961F-EE65A970AF3D}.Release|x64.Build.0 = Release|x64
		{930FF2C3-86F4-4C4E-961F-EE65A970AF3D}.Release|x86.ActiveCfg = Release|Win32
		{930FF2C3-86F4-4C4E-961F-EE65A970AF3D}.Release|x86.Build.0 = Release|Win32
		{954B0E61-6DFC-41D4-A7EC-6146E05635E7}.Debug|Any CPU.ActiveCfg = Debug|Win32
		{954B0E61-6DFC-41D4-A7EC-6146E05635E7}.Debug|x64.ActiveCfg = Debug|x64
		{954B0E61-6DFC-41D4-A7EC-6146E05635E7}.Debug|x64.Build.0 = Debug|x64
		{954B0E61-6DFC-41D4-A7EC-6146E05635E7}.Debug|x86.ActiveCfg = Debug|Win32
		{954B0E61-6DFC-41D4-A7EC-6146E05635E7}.Debug|x86.Build.0 = Debug|Win32
		{954B0E61-6DFC-41D4-A7EC-6146E05635E7}.Release|Any CPU.ActiveCfg = Release|Win32
		{954B0E61-6DFC-41D4-A7EC-6146E05635E7}.Release|x64.ActiveCfg = Release|x64
		{954B0E61-6DFC-41D4-A7EC-6146E05635E7}.Release|x64.Build.0 = Release|x64
		{954B0E61-6DFC-41D4-A7EC-6146E05635E7}.Release|x86.ActiveCfg = Release|Win32
		{954B0E61-6DFC-41D4-A7EC-6146E05635E7}.Release|x86.Build.0 = Release|Win32
		{DAF631EE-EAF9-44E5-82D3-C6522689774A}.Debug|Any CPU.ActiveCfg = Debug|Any CPU
		{DAF631EE-EAF9-44E5-82D3-C6522689774A}.Debug|x64.ActiveCfg = Debug|Any CPU
		{DAF631EE-EAF9-44E5-82D3-C6522689774A}.Debug|x86.ActiveCfg = Debug|Any CPU
		{DAF631EE-EAF9-44E5-82D3-C6522689774A}.Release|Any CPU.ActiveCfg = Release|Any CPU
		{DAF631EE-EAF9-44E5-82D3-C6522689774A}.Release|x64.ActiveCfg = Release|Any CPU
		{DAF631EE-EAF9-44E5-82D3-C6522689774A}.Release|x86.ActiveCfg = Release|Any CPU
	EndGlobalSection
	GlobalSection(SolutionProperties) = preSolution
		HideSolutionNode = FALSE
	EndGlobalSection
	GlobalSection(ExtensibilityGlobals) = postSolution
		SolutionGuid = {9E0B3055-854E-40EE-8A6C-C7212BF21987}
	EndGlobalSection
EndGlobal
